// !$*UTF8*$!
{
	archiveVersion = 1;
	classes = {
	};
	objectVersion = 77;
	objects = {

/* Begin PBXBuildFile section */
		020E702A765279E48B7039CD /* TelegramLinkTests.swift in Sources */ = {isa = PBXBuildFile; fileRef = E4AA20BE764618BEE63AF68D /* TelegramLinkTests.swift */; };
		0273A3B12C532A6C897E1E4D /* AttachmentImport.swift in Sources */ = {isa = PBXBuildFile; fileRef = 718BE32FAB2706C4D8DB4C86 /* AttachmentImport.swift */; };
		02C59B29F2AB08336EF37F25 /* ExtensionSetupView.swift in Sources */ = {isa = PBXBuildFile; fileRef = 75DCFF9D5E311EA2C0891A41 /* ExtensionSetupView.swift */; };
		066029DEC026A68A1379F314 /* MobilePairingTests.swift in Sources */ = {isa = PBXBuildFile; fileRef = 3D8AC19EC197C2FC60EBEB3D /* MobilePairingTests.swift */; };
		077A169A25CD4395F918F4E7 /* DeviceSignOut.swift in Sources */ = {isa = PBXBuildFile; fileRef = 8709EBB6593952ABF30E9889 /* DeviceSignOut.swift */; };
		088E7C7AA2674D44C3751AE5 /* AgentAppearanceViews.swift in Sources */ = {isa = PBXBuildFile; fileRef = 4D96F9460E173BD6E9269AE3 /* AgentAppearanceViews.swift */; };
		09FDF891ED4D0479E78D39E0 /* LiveCloudPairingUITests.swift in Sources */ = {isa = PBXBuildFile; fileRef = 96A2DF3BB4A7D519FA68EA0F /* LiveCloudPairingUITests.swift */; };
		0A357D80F9C3C9AB33B86C93 /* TranscriptStack.swift in Sources */ = {isa = PBXBuildFile; fileRef = BEB733894E124793EDA9ACA3 /* TranscriptStack.swift */; };
		0E0F3C4329E1EA2E6C689738 /* AgentTransferViews.swift in Sources */ = {isa = PBXBuildFile; fileRef = 31C9D3DF0BCBDC8DE546D88B /* AgentTransferViews.swift */; };
		1109A0AEE1C8475E2E3181A3 /* cloud-init.sh in Resources */ = {isa = PBXBuildFile; fileRef = B9A7842329C25226D34D8B1C /* cloud-init.sh */; };
		141A8FF96B26F636B9AFAFD3 /* HostingStore.swift in Sources */ = {isa = PBXBuildFile; fileRef = 2B99FD977A6DF945EF17152E /* HostingStore.swift */; };
		19BB73C6174838CCE33D3D0D /* HomeClient.swift in Sources */ = {isa = PBXBuildFile; fileRef = D671F62812BA20E0AF9CB2FA /* HomeClient.swift */; };
		1B7D1573EF6D0D4B9743DC03 /* MobileConnectionViews.swift in Sources */ = {isa = PBXBuildFile; fileRef = 41969DD182FE17F98BBEEE17 /* MobileConnectionViews.swift */; };
		1C3A1561A6F07C089C13234F /* MessagePages.swift in Sources */ = {isa = PBXBuildFile; fileRef = 11DF3BC1500A7B883ABFF774 /* MessagePages.swift */; };
		1C77B536C158057E9FE47DA8 /* WaiVDSClient.swift in Sources */ = {isa = PBXBuildFile; fileRef = C7D69A9EDA344A443227E0B2 /* WaiVDSClient.swift */; };
		1CD8FA58518B17B5FB17FCB0 /* MessagePages.swift in Sources */ = {isa = PBXBuildFile; fileRef = 11DF3BC1500A7B883ABFF774 /* MessagePages.swift */; };
		1EB1AE21EA4C3C7C5DF63CD6 /* LocalDataReset.swift in Sources */ = {isa = PBXBuildFile; fileRef = 3B1CA4A01722F775952B9530 /* LocalDataReset.swift */; };
		2061E90D9AC95D39DAAA06E8 /* AppTheme.swift in Sources */ = {isa = PBXBuildFile; fileRef = E38873CBA5B37136CDD8FF91 /* AppTheme.swift */; };
		25CE0B6159318A64EDD2D1F2 /* PrimaryHomeSettings.swift in Sources */ = {isa = PBXBuildFile; fileRef = 58DAA420A0BE0C62176A43DB /* PrimaryHomeSettings.swift */; };
		28A9DA1110E1BA1B0F865DEE /* DeviceLibraryTests.swift in Sources */ = {isa = PBXBuildFile; fileRef = 7ECDE7BFB212A84C42AEC2A3 /* DeviceLibraryTests.swift */; };
		29266C725949B6930C224FC9 /* MessagePages.swift in Sources */ = {isa = PBXBuildFile; fileRef = 11DF3BC1500A7B883ABFF774 /* MessagePages.swift */; };
		2D09788DED8F1C5EDE458BE2 /* iPhoneSmokeTests.swift in Sources */ = {isa = PBXBuildFile; fileRef = 1132C0F7932A6440305D150A /* iPhoneSmokeTests.swift */; };
		2F7A1F01537586579154FC86 /* HomeAccountRecoveryTests.swift in Sources */ = {isa = PBXBuildFile; fileRef = 59124750DE089CC23DCB20B9 /* HomeAccountRecoveryTests.swift */; };
		2F84019800922A922C82B1CE /* AppTheme.swift in Sources */ = {isa = PBXBuildFile; fileRef = E38873CBA5B37136CDD8FF91 /* AppTheme.swift */; };
		33E5289AE4FCC51707985917 /* AgentTransfer.swift in Sources */ = {isa = PBXBuildFile; fileRef = 97A6C72C5E00D5723795E8B1 /* AgentTransfer.swift */; };
		34F7B89438C04109E4B1A946 /* WaiVDSClient.swift in Sources */ = {isa = PBXBuildFile; fileRef = C7D69A9EDA344A443227E0B2 /* WaiVDSClient.swift */; };
		355DA3CE6FDC4903C7A38DC3 /* ApprovalSettingsView.swift in Sources */ = {isa = PBXBuildFile; fileRef = 2E0150A7686260E33ABC51F9 /* ApprovalSettingsView.swift */; };
		35830784DC5290BC03679296 /* AccountRecoveryUITests.swift in Sources */ = {isa = PBXBuildFile; fileRef = 452D1C62E5C23CB46B6FD978 /* AccountRecoveryUITests.swift */; };
		38670454174D5126BB5A84D1 /* ChatMedia.swift in Sources */ = {isa = PBXBuildFile; fileRef = 7C3D241925EF81E938247C15 /* ChatMedia.swift */; };
		38A327481A17BCFCEAC3F116 /* LocalDataResetTests.swift in Sources */ = {isa = PBXBuildFile; fileRef = 1F7D53298A142CDF1B276ABC /* LocalDataResetTests.swift */; };
		396D0DCDA42F07B7B6AD8CDA /* ReleaseScenariosUITests.swift in Sources */ = {isa = PBXBuildFile; fileRef = 269C829F112500B5E34127F7 /* ReleaseScenariosUITests.swift */; };
		3A4F31F9396C14C867C86558 /* Views.swift in Sources */ = {isa = PBXBuildFile; fileRef = A4A12DEA162BBC10A8CA136D /* Views.swift */; };
		3B7C53804164BE37DA226B4D /* ApprovalSettingsView.swift in Sources */ = {isa = PBXBuildFile; fileRef = 2E0150A7686260E33ABC51F9 /* ApprovalSettingsView.swift */; };
		3CEEE4913F9C75966E2902EA /* LocalDataReset.swift in Sources */ = {isa = PBXBuildFile; fileRef = 3B1CA4A01722F775952B9530 /* LocalDataReset.swift */; };
		405EE709A22DB0AD7D596EF5 /* AgentCharactersUITests.swift in Sources */ = {isa = PBXBuildFile; fileRef = C156BE0450E7CC24D988FA90 /* AgentCharactersUITests.swift */; };
		4069A7E903D63727808053A3 /* HomeMenu.swift in Sources */ = {isa = PBXBuildFile; fileRef = B49A5A4FE8FCDBCA5997D859 /* HomeMenu.swift */; };
		432170F591B888A7AAE071E6 /* TelegramLink.swift in Sources */ = {isa = PBXBuildFile; fileRef = 31C40E4BEA4DD9523E6ADCA1 /* TelegramLink.swift */; };
		4452A1ECB47F859886AD7276 /* WaiVDSClientTests.swift in Sources */ = {isa = PBXBuildFile; fileRef = 0F4C8D0A80AE9D97821FA98C /* WaiVDSClientTests.swift */; };
		4A0104CC2C576E467EF78724 /* HostingStore.swift in Sources */ = {isa = PBXBuildFile; fileRef = 2B99FD977A6DF945EF17152E /* HostingStore.swift */; };
		4DB4F5AB41099807895716B3 /* MobileConnection.swift in Sources */ = {isa = PBXBuildFile; fileRef = 15270A8B1FADC16CBEE2AB86 /* MobileConnection.swift */; };
		4E6B82BD6C972AB6EE32CAFE /* MessageContent.swift in Sources */ = {isa = PBXBuildFile; fileRef = C9FCFCC5FBCE6D6D6D612458 /* MessageContent.swift */; };
		523AFBBC3F4EB9C2769483F3 /* AppUpdater.swift in Sources */ = {isa = PBXBuildFile; fileRef = 25538EEFA0F0470CDF4958CC /* AppUpdater.swift */; };
		528728D21AA6033C7D7F276D /* MobileConnectionViews.swift in Sources */ = {isa = PBXBuildFile; fileRef = 41969DD182FE17F98BBEEE17 /* MobileConnectionViews.swift */; };
		5785006166AD53761DA29454 /* ChatMedia.swift in Sources */ = {isa = PBXBuildFile; fileRef = 7C3D241925EF81E938247C15 /* ChatMedia.swift */; };
		588CD75B3C1F9C3EE35BC4F4 /* AgentAppearanceTests.swift in Sources */ = {isa = PBXBuildFile; fileRef = ACD91A75580ED25308693AB1 /* AgentAppearanceTests.swift */; };
		5B5A34FD1B9C22C5A8BD6238 /* TelegramSetupView.swift in Sources */ = {isa = PBXBuildFile; fileRef = 36B92676161A3FD9E3889C48 /* TelegramSetupView.swift */; };
		5B679607856CC1AB98F6A104 /* DigitalOceanCloudTests.swift in Sources */ = {isa = PBXBuildFile; fileRef = 06FEF9F7FF45A0D9EF5FFC46 /* DigitalOceanCloudTests.swift */; };
		5DE440D2FB286AD1ED3CE80A /* AttachmentImportTests.swift in Sources */ = {isa = PBXBuildFile; fileRef = A6EBF07406C0F7BBD5F47800 /* AttachmentImportTests.swift */; };
		5E16737811633861DD72192E /* Models.swift in Sources */ = {isa = PBXBuildFile; fileRef = F9234E96C15CA694F0A31099 /* Models.swift */; };
		5E17805965A351ABB7620CF2 /* MobilePairingUITests.swift in Sources */ = {isa = PBXBuildFile; fileRef = 4DDBDB4821F4175BB293C35F /* MobilePairingUITests.swift */; };
		5FD6F6516DA25B7806FBE7A5 /* DeviceSettingsView.swift in Sources */ = {isa = PBXBuildFile; fileRef = 72EEEC73D033EF5BC24DC309 /* DeviceSettingsView.swift */; };
		605C0ED95C9C79FCD1EACED1 /* AgentTransfer.swift in Sources */ = {isa = PBXBuildFile; fileRef = 97A6C72C5E00D5723795E8B1 /* AgentTransfer.swift */; };
		6117E204130547257A2588AE /* cloud-init.sh in Resources */ = {isa = PBXBuildFile; fileRef = B9A7842329C25226D34D8B1C /* cloud-init.sh */; };
		6233DE5478EEF12B4815FD6E /* LocalHome.swift in Sources */ = {isa = PBXBuildFile; fileRef = F96054101E4801A6BCC170C1 /* LocalHome.swift */; };
		631BE06D25300A0E399F2E28 /* AppIconAppearance.swift in Sources */ = {isa = PBXBuildFile; fileRef = 4B9B3467FCD3522515AD8F38 /* AppIconAppearance.swift */; };
		63497E44A5FAA3B8E94C0FF6 /* StorePreviewUITests.swift in Sources */ = {isa = PBXBuildFile; fileRef = 63F40AD948917E9AE1685058 /* StorePreviewUITests.swift */; };
		64365D840FC1C3F656F9447B /* PrivacyInfo.xcprivacy in Resources */ = {isa = PBXBuildFile; fileRef = E29C1F0D3A0FE125E35B565D /* PrivacyInfo.xcprivacy */; };
		710C9EA301B072949AB43AF4 /* UserFacingErrorTests.swift in Sources */ = {isa = PBXBuildFile; fileRef = 16302AC88D0BE5545DFBFC7F /* UserFacingErrorTests.swift */; };
		714657174DCE32C3AD9148AE /* HomeClient.swift in Sources */ = {isa = PBXBuildFile; fileRef = D671F62812BA20E0AF9CB2FA /* HomeClient.swift */; };
		76A9DEA63806F5B706E1F523 /* AgentAppearance.swift in Sources */ = {isa = PBXBuildFile; fileRef = 9A54DEED2D78EBBD77B24825 /* AgentAppearance.swift */; };
		76BF370363AC2C6470E67CBE /* LocalHome.swift in Sources */ = {isa = PBXBuildFile; fileRef = F96054101E4801A6BCC170C1 /* LocalHome.swift */; };
		7731DA55E2CDCA3C6C0735AE /* AgentTransferTests.swift in Sources */ = {isa = PBXBuildFile; fileRef = 5A087F040F8395EFA9DA4306 /* AgentTransferTests.swift */; };
		7CB4918D49632B6169D77921 /* HostingStore.swift in Sources */ = {isa = PBXBuildFile; fileRef = 2B99FD977A6DF945EF17152E /* HostingStore.swift */; };
		7F3CBCD184E1FE8592F1625E /* AgentAppearance.swift in Sources */ = {isa = PBXBuildFile; fileRef = 9A54DEED2D78EBBD77B24825 /* AgentAppearance.swift */; };
		80A890128CCD16FCD6ECE3AD /* MessageContentTests.swift in Sources */ = {isa = PBXBuildFile; fileRef = 58B7111F287B0C5661239DEB /* MessageContentTests.swift */; };
		8264AD8368237A515B1B219D /* HomeClient.swift in Sources */ = {isa = PBXBuildFile; fileRef = D671F62812BA20E0AF9CB2FA /* HomeClient.swift */; };
		850B934B29DF93BD5D94629D /* AgentAppearanceViews.swift in Sources */ = {isa = PBXBuildFile; fileRef = 4D96F9460E173BD6E9269AE3 /* AgentAppearanceViews.swift */; };
		85C1C1D5EA678B5643F6884B /* OpenStrudelApp.swift in Sources */ = {isa = PBXBuildFile; fileRef = 680E20C305BC52A853E797DD /* OpenStrudelApp.swift */; };
		85DCDAD404A8CAF5A70DE7D1 /* ExtensionSetupView.swift in Sources */ = {isa = PBXBuildFile; fileRef = 75DCFF9D5E311EA2C0891A41 /* ExtensionSetupView.swift */; };
		8769E196AFD3136FF6469A32 /* DigitalOceanCloud.swift in Sources */ = {isa = PBXBuildFile; fileRef = 5CF338D2C3249DC58392487E /* DigitalOceanCloud.swift */; };
		87816A6CD5C75D29103B8A80 /* WaiVDSContract.swift in Sources */ = {isa = PBXBuildFile; fileRef = 61A4BCF298A1E1126E8D3482 /* WaiVDSContract.swift */; };
		8948A7997B267280DC592F77 /* PrivacyInfo.xcprivacy in Resources */ = {isa = PBXBuildFile; fileRef = E29C1F0D3A0FE125E35B565D /* PrivacyInfo.xcprivacy */; };
		8B0DD4E8C65EC9C02924DE59 /* DigitalOceanCloud.swift in Sources */ = {isa = PBXBuildFile; fileRef = 5CF338D2C3249DC58392487E /* DigitalOceanCloud.swift */; };
		8C0B60605D75DD5E9713446C /* TranscriptStack.swift in Sources */ = {isa = PBXBuildFile; fileRef = BEB733894E124793EDA9ACA3 /* TranscriptStack.swift */; };
		900440E9B87F1AA8E3BBA988 /* WaiVDSContract.swift in Sources */ = {isa = PBXBuildFile; fileRef = 61A4BCF298A1E1126E8D3482 /* WaiVDSContract.swift */; };
		90908463E5E449B8A6864497 /* ChatMedia.swift in Sources */ = {isa = PBXBuildFile; fileRef = 7C3D241925EF81E938247C15 /* ChatMedia.swift */; };
		929A1EC7F6CC34C5382DBE52 /* PrimaryHomeSettings.swift in Sources */ = {isa = PBXBuildFile; fileRef = 58DAA420A0BE0C62176A43DB /* PrimaryHomeSettings.swift */; };
		954CECC367D15575AF45868F /* AppTheme.swift in Sources */ = {isa = PBXBuildFile; fileRef = E38873CBA5B37136CDD8FF91 /* AppTheme.swift */; };
		96011E8827031FF477E78A0D /* DigitalOceanBootstrap.swift in Sources */ = {isa = PBXBuildFile; fileRef = C1A041EB646E3F285D182418 /* DigitalOceanBootstrap.swift */; };
		966082403049AA4A4D03B492 /* OpenStrudelApp.swift in Sources */ = {isa = PBXBuildFile; fileRef = 680E20C305BC52A853E797DD /* OpenStrudelApp.swift */; };
		99944D193416881E7D8D727B /* DigitalOceanWebLoginTests.swift in Sources */ = {isa = PBXBuildFile; fileRef = FC5BA14427968F91FEFE9F2F /* DigitalOceanWebLoginTests.swift */; };
		99F3C8183EE6FE6B2B2A9746 /* LocalHome.swift in Sources */ = {isa = PBXBuildFile; fileRef = F96054101E4801A6BCC170C1 /* LocalHome.swift */; };
		9AEBA79A4E9D40E1EE309371 /* MessageContent.swift in Sources */ = {isa = PBXBuildFile; fileRef = C9FCFCC5FBCE6D6D6D612458 /* MessageContent.swift */; };
		9E26129063311A8AF124A802 /* TelegramLink.swift in Sources */ = {isa = PBXBuildFile; fileRef = 31C40E4BEA4DD9523E6ADCA1 /* TelegramLink.swift */; };
		A164C5DB09FEADCF6861BF35 /* SetupViews.swift in Sources */ = {isa = PBXBuildFile; fileRef = A635A0DA48A1D907252A7BCB /* SetupViews.swift */; };
		A29435710511A8C352C77D66 /* HomeMenu.swift in Sources */ = {isa = PBXBuildFile; fileRef = B49A5A4FE8FCDBCA5997D859 /* HomeMenu.swift */; };
		A3A89F6317E0E47EE5AF44AB /* wai-vds-v2.json in Resources */ = {isa = PBXBuildFile; fileRef = 4AF0B9DD514B9520C3BB378E /* wai-vds-v2.json */; };
		A468660D4A41BD2C0F719FDB /* AgentTransferViews.swift in Sources */ = {isa = PBXBuildFile; fileRef = 31C9D3DF0BCBDC8DE546D88B /* AgentTransferViews.swift */; };
		A5ED93D474C0137C8436C94A /* WaiVDSClient.swift in Sources */ = {isa = PBXBuildFile; fileRef = C7D69A9EDA344A443227E0B2 /* WaiVDSClient.swift */; };
		A71AEB032AAB4C5DA49D5497 /* Models.swift in Sources */ = {isa = PBXBuildFile; fileRef = F9234E96C15CA694F0A31099 /* Models.swift */; };
		A789FE50A71BA8F813390382 /* DigitalOceanCloud.swift in Sources */ = {isa = PBXBuildFile; fileRef = 5CF338D2C3249DC58392487E /* DigitalOceanCloud.swift */; };
		A79B998AC283916B7DEAB006 /* TelegramLink.swift in Sources */ = {isa = PBXBuildFile; fileRef = 31C40E4BEA4DD9523E6ADCA1 /* TelegramLink.swift */; };
		A79D2D5137601CAA6E565304 /* Assets.xcassets in Resources */ = {isa = PBXBuildFile; fileRef = 709BE1A9B19D0468720417CF /* Assets.xcassets */; };
		A9E99DD5DF279B319C5FCE1A /* Models.swift in Sources */ = {isa = PBXBuildFile; fileRef = F9234E96C15CA694F0A31099 /* Models.swift */; };
		AAE26D83AD3BF442576953F8 /* DeviceSettingsView.swift in Sources */ = {isa = PBXBuildFile; fileRef = 72EEEC73D033EF5BC24DC309 /* DeviceSettingsView.swift */; };
		AEBC06A730AF2BB81D4BA10A /* Assets.xcassets in Resources */ = {isa = PBXBuildFile; fileRef = 709BE1A9B19D0468720417CF /* Assets.xcassets */; };
		AF175297574377B16061325E /* MobileConnection.swift in Sources */ = {isa = PBXBuildFile; fileRef = 15270A8B1FADC16CBEE2AB86 /* MobileConnection.swift */; };
		B5946DFBDF9D76520B6AFCB8 /* home-certificate.json in Resources */ = {isa = PBXBuildFile; fileRef = C4EA2EF5DDC9D052A757B498 /* home-certificate.json */; };
		B94227E897A95830CFA06A03 /* MessageContent.swift in Sources */ = {isa = PBXBuildFile; fileRef = C9FCFCC5FBCE6D6D6D612458 /* MessageContent.swift */; };
		BA4C2329101E4E5D8C2EABD1 /* AppUpdater.swift in Sources */ = {isa = PBXBuildFile; fileRef = 25538EEFA0F0470CDF4958CC /* AppUpdater.swift */; };
		BD17762CF52EB077E6C09EC9 /* AppIconAppearance.swift in Sources */ = {isa = PBXBuildFile; fileRef = 4B9B3467FCD3522515AD8F38 /* AppIconAppearance.swift */; };
		BD536195DB95EA60861EF9AD /* DeviceLibrary.swift in Sources */ = {isa = PBXBuildFile; fileRef = C89E66060821227C1F39AD78 /* DeviceLibrary.swift */; };
		C1D22A6A95D61EF3973CECE1 /* Sparkle-LICENSE.txt in Resources */ = {isa = PBXBuildFile; fileRef = 37B4BD216FB2EDE09E4E16E4 /* Sparkle-LICENSE.txt */; };
		C44ADEF9A93155D3D5D5B1B5 /* LocalDataResetView.swift in Sources */ = {isa = PBXBuildFile; fileRef = 6B5A8A2A8A51E792A7C05A7F /* LocalDataResetView.swift */; };
		C8DE0605E64DF75EAD5BA868 /* AttachmentImport.swift in Sources */ = {isa = PBXBuildFile; fileRef = 718BE32FAB2706C4D8DB4C86 /* AttachmentImport.swift */; };
		C8E9F77A1A8A5D66D4211EF5 /* DeviceSignOut.swift in Sources */ = {isa = PBXBuildFile; fileRef = 8709EBB6593952ABF30E9889 /* DeviceSignOut.swift */; };
		D24C4F8AD7FB5F62D4495C35 /* ChatClockTests.swift in Sources */ = {isa = PBXBuildFile; fileRef = 6DA7A5FC9D1A46B7D5486153 /* ChatClockTests.swift */; };
		D8C2A97016900A9F9A658C0B /* DeviceLibrary.swift in Sources */ = {isa = PBXBuildFile; fileRef = C89E66060821227C1F39AD78 /* DeviceLibrary.swift */; };
		DB980F43982F1C793D004B7F /* LocalDataReset.swift in Sources */ = {isa = PBXBuildFile; fileRef = 3B1CA4A01722F775952B9530 /* LocalDataReset.swift */; };
		DEA7AE93CC5A847816D864F5 /* WaiVDSContract.swift in Sources */ = {isa = PBXBuildFile; fileRef = 61A4BCF298A1E1126E8D3482 /* WaiVDSContract.swift */; };
		DEEDEAD2AB25008C3CCAF7D7 /* SetupViews.swift in Sources */ = {isa = PBXBuildFile; fileRef = A635A0DA48A1D907252A7BCB /* SetupViews.swift */; };
		E09E082D82D45A7D09421AB8 /* DigitalOceanBootstrap.swift in Sources */ = {isa = PBXBuildFile; fileRef = C1A041EB646E3F285D182418 /* DigitalOceanBootstrap.swift */; };
		E57438BBC88134F35C3EA734 /* DeviceLibrary.swift in Sources */ = {isa = PBXBuildFile; fileRef = C89E66060821227C1F39AD78 /* DeviceLibrary.swift */; };
		E666DB6B98B0F9FDC670BCC0 /* MobileConnection.swift in Sources */ = {isa = PBXBuildFile; fileRef = 15270A8B1FADC16CBEE2AB86 /* MobileConnection.swift */; };
		E881BC2893184397D1A9AFE9 /* DigitalOceanBootstrap.swift in Sources */ = {isa = PBXBuildFile; fileRef = C1A041EB646E3F285D182418 /* DigitalOceanBootstrap.swift */; };
		EC2C02C1059E79D01E1D9924 /* Sparkle in Frameworks */ = {isa = PBXBuildFile; productRef = 034974DBF235D1A2CAF70200 /* Sparkle */; };
		EFD46E79E43C1763A4CF16F6 /* Views.swift in Sources */ = {isa = PBXBuildFile; fileRef = A4A12DEA162BBC10A8CA136D /* Views.swift */; };
		EFDF18977D160A503A48D5BE /* LocalDataResetView.swift in Sources */ = {isa = PBXBuildFile; fileRef = 6B5A8A2A8A51E792A7C05A7F /* LocalDataResetView.swift */; };
		F1930037590FB223FEAA6DC3 /* TelegramSetupView.swift in Sources */ = {isa = PBXBuildFile; fileRef = 36B92676161A3FD9E3889C48 /* TelegramSetupView.swift */; };
		F6604979C497258E987E2193 /* AgentAppearance.swift in Sources */ = {isa = PBXBuildFile; fileRef = 9A54DEED2D78EBBD77B24825 /* AgentAppearance.swift */; };
		F92751B4CA90257CFDC92A40 /* DesignAccessibilityUITests.swift in Sources */ = {isa = PBXBuildFile; fileRef = 6D1AB12278F64C5C7247C698 /* DesignAccessibilityUITests.swift */; };
		FA990FEF4C0EA7D7B16F790C /* PrimaryHomeTests.swift in Sources */ = {isa = PBXBuildFile; fileRef = D6E988F61680172334C63B12 /* PrimaryHomeTests.swift */; };
		FAF196A470B7DCB88053E108 /* ExtensionsUITests.swift in Sources */ = {isa = PBXBuildFile; fileRef = 560A60BE1D2AAD42DC5C600D /* ExtensionsUITests.swift */; };
		FC61FB4F58F351C111D601E9 /* cloud-init.sh in Resources */ = {isa = PBXBuildFile; fileRef = B9A7842329C25226D34D8B1C /* cloud-init.sh */; };
		FE16FE1017F5BA162CF34398 /* AgentTransfer.swift in Sources */ = {isa = PBXBuildFile; fileRef = 97A6C72C5E00D5723795E8B1 /* AgentTransfer.swift */; };
		FED472FDDD9D5774F84AD1A4 /* AttachmentImport.swift in Sources */ = {isa = PBXBuildFile; fileRef = 718BE32FAB2706C4D8DB4C86 /* AttachmentImport.swift */; };
/* End PBXBuildFile section */

/* Begin PBXContainerItemProxy section */
		4E259A264AEBDE9734D4025E /* PBXContainerItemProxy */ = {
			isa = PBXContainerItemProxy;
			containerPortal = 7324C9B86738F39E1BF8CFD9 /* Project object */;
			proxyType = 1;
			remoteGlobalIDString = 8D05C4A089D4227D5AFD7F2A;
			remoteInfo = "OpenStrudel iOS";
		};
/* End PBXContainerItemProxy section */

/* Begin PBXFileReference section */
		06FEF9F7FF45A0D9EF5FFC46 /* DigitalOceanCloudTests.swift */ = {isa = PBXFileReference; lastKnownFileType = sourcecode.swift; path = DigitalOceanCloudTests.swift; sourceTree = "<group>"; };
		0F4C8D0A80AE9D97821FA98C /* WaiVDSClientTests.swift */ = {isa = PBXFileReference; lastKnownFileType = sourcecode.swift; path = WaiVDSClientTests.swift; sourceTree = "<group>"; };
		1132C0F7932A6440305D150A /* iPhoneSmokeTests.swift */ = {isa = PBXFileReference; lastKnownFileType = sourcecode.swift; path = iPhoneSmokeTests.swift; sourceTree = "<group>"; };
		11DF3BC1500A7B883ABFF774 /* MessagePages.swift */ = {isa = PBXFileReference; lastKnownFileType = sourcecode.swift; path = MessagePages.swift; sourceTree = "<group>"; };
		15270A8B1FADC16CBEE2AB86 /* MobileConnection.swift */ = {isa = PBXFileReference; lastKnownFileType = sourcecode.swift; path = MobileConnection.swift; sourceTree = "<group>"; };
		16302AC88D0BE5545DFBFC7F /* UserFacingErrorTests.swift */ = {isa = PBXFileReference; lastKnownFileType = sourcecode.swift; path = UserFacingErrorTests.swift; sourceTree = "<group>"; };
		1F7D53298A142CDF1B276ABC /* LocalDataResetTests.swift */ = {isa = PBXFileReference; lastKnownFileType = sourcecode.swift; path = LocalDataResetTests.swift; sourceTree = "<group>"; };
		25538EEFA0F0470CDF4958CC /* AppUpdater.swift */ = {isa = PBXFileReference; lastKnownFileType = sourcecode.swift; path = AppUpdater.swift; sourceTree = "<group>"; };
		269C829F112500B5E34127F7 /* ReleaseScenariosUITests.swift */ = {isa = PBXFileReference; lastKnownFileType = sourcecode.swift; path = ReleaseScenariosUITests.swift; sourceTree = "<group>"; };
		2B99FD977A6DF945EF17152E /* HostingStore.swift */ = {isa = PBXFileReference; lastKnownFileType = sourcecode.swift; path = HostingStore.swift; sourceTree = "<group>"; };
		2E0150A7686260E33ABC51F9 /* ApprovalSettingsView.swift */ = {isa = PBXFileReference; lastKnownFileType = sourcecode.swift; path = ApprovalSettingsView.swift; sourceTree = "<group>"; };
		31C40E4BEA4DD9523E6ADCA1 /* TelegramLink.swift */ = {isa = PBXFileReference; lastKnownFileType = sourcecode.swift; path = TelegramLink.swift; sourceTree = "<group>"; };
		31C9D3DF0BCBDC8DE546D88B /* AgentTransferViews.swift */ = {isa = PBXFileReference; lastKnownFileType = sourcecode.swift; path = AgentTransferViews.swift; sourceTree = "<group>"; };
		36B92676161A3FD9E3889C48 /* TelegramSetupView.swift */ = {isa = PBXFileReference; lastKnownFileType = sourcecode.swift; path = TelegramSetupView.swift; sourceTree = "<group>"; };
		37B4BD216FB2EDE09E4E16E4 /* Sparkle-LICENSE.txt */ = {isa = PBXFileReference; lastKnownFileType = text; path = "Sparkle-LICENSE.txt"; sourceTree = "<group>"; };
		3B1CA4A01722F775952B9530 /* LocalDataReset.swift */ = {isa = PBXFileReference; lastKnownFileType = sourcecode.swift; path = LocalDataReset.swift; sourceTree = "<group>"; };
		3D8AC19EC197C2FC60EBEB3D /* MobilePairingTests.swift */ = {isa = PBXFileReference; lastKnownFileType = sourcecode.swift; path = MobilePairingTests.swift; sourceTree = "<group>"; };
		41969DD182FE17F98BBEEE17 /* MobileConnectionViews.swift */ = {isa = PBXFileReference; lastKnownFileType = sourcecode.swift; path = MobileConnectionViews.swift; sourceTree = "<group>"; };
		452D1C62E5C23CB46B6FD978 /* AccountRecoveryUITests.swift */ = {isa = PBXFileReference; lastKnownFileType = sourcecode.swift; path = AccountRecoveryUITests.swift; sourceTree = "<group>"; };
		4AF0B9DD514B9520C3BB378E /* wai-vds-v2.json */ = {isa = PBXFileReference; lastKnownFileType = text.json; path = "wai-vds-v2.json"; sourceTree = "<group>"; };
		4B9B3467FCD3522515AD8F38 /* AppIconAppearance.swift */ = {isa = PBXFileReference; lastKnownFileType = sourcecode.swift; path = AppIconAppearance.swift; sourceTree = "<group>"; };
		4D96F9460E173BD6E9269AE3 /* AgentAppearanceViews.swift */ = {isa = PBXFileReference; lastKnownFileType = sourcecode.swift; path = AgentAppearanceViews.swift; sourceTree = "<group>"; };
		4DDBDB4821F4175BB293C35F /* MobilePairingUITests.swift */ = {isa = PBXFileReference; lastKnownFileType = sourcecode.swift; path = MobilePairingUITests.swift; sourceTree = "<group>"; };
		560A60BE1D2AAD42DC5C600D /* ExtensionsUITests.swift */ = {isa = PBXFileReference; lastKnownFileType = sourcecode.swift; path = ExtensionsUITests.swift; sourceTree = "<group>"; };
		58B7111F287B0C5661239DEB /* MessageContentTests.swift */ = {isa = PBXFileReference; lastKnownFileType = sourcecode.swift; path = MessageContentTests.swift; sourceTree = "<group>"; };
		58DAA420A0BE0C62176A43DB /* PrimaryHomeSettings.swift */ = {isa = PBXFileReference; lastKnownFileType = sourcecode.swift; path = PrimaryHomeSettings.swift; sourceTree = "<group>"; };
		59124750DE089CC23DCB20B9 /* HomeAccountRecoveryTests.swift */ = {isa = PBXFileReference; lastKnownFileType = sourcecode.swift; path = HomeAccountRecoveryTests.swift; sourceTree = "<group>"; };
		5A087F040F8395EFA9DA4306 /* AgentTransferTests.swift */ = {isa = PBXFileReference; lastKnownFileType = sourcecode.swift; path = AgentTransferTests.swift; sourceTree = "<group>"; };
		5CF338D2C3249DC58392487E /* DigitalOceanCloud.swift */ = {isa = PBXFileReference; lastKnownFileType = sourcecode.swift; path = DigitalOceanCloud.swift; sourceTree = "<group>"; };
		61A4BCF298A1E1126E8D3482 /* WaiVDSContract.swift */ = {isa = PBXFileReference; lastKnownFileType = sourcecode.swift; path = WaiVDSContract.swift; sourceTree = "<group>"; };
		63F40AD948917E9AE1685058 /* StorePreviewUITests.swift */ = {isa = PBXFileReference; lastKnownFileType = sourcecode.swift; path = StorePreviewUITests.swift; sourceTree = "<group>"; };
		680E20C305BC52A853E797DD /* OpenStrudelApp.swift */ = {isa = PBXFileReference; lastKnownFileType = sourcecode.swift; path = OpenStrudelApp.swift; sourceTree = "<group>"; };
		6B5A8A2A8A51E792A7C05A7F /* LocalDataResetView.swift */ = {isa = PBXFileReference; lastKnownFileType = sourcecode.swift; path = LocalDataResetView.swift; sourceTree = "<group>"; };
		6D1AB12278F64C5C7247C698 /* DesignAccessibilityUITests.swift */ = {isa = PBXFileReference; lastKnownFileType = sourcecode.swift; path = DesignAccessibilityUITests.swift; sourceTree = "<group>"; };
		6DA7A5FC9D1A46B7D5486153 /* ChatClockTests.swift */ = {isa = PBXFileReference; lastKnownFileType = sourcecode.swift; path = ChatClockTests.swift; sourceTree = "<group>"; };
		701970C42730428CE9DABD8A /* OpenStrudel macOS.app */ = {isa = PBXFileReference; explicitFileType = wrapper.application; includeInIndex = 0; path = "OpenStrudel macOS.app"; sourceTree = BUILT_PRODUCTS_DIR; };
		709BE1A9B19D0468720417CF /* Assets.xcassets */ = {isa = PBXFileReference; lastKnownFileType = folder.assetcatalog; path = Assets.xcassets; sourceTree = "<group>"; };
		718BE32FAB2706C4D8DB4C86 /* AttachmentImport.swift */ = {isa = PBXFileReference; lastKnownFileType = sourcecode.swift; path = AttachmentImport.swift; sourceTree = "<group>"; };
		72EEEC73D033EF5BC24DC309 /* DeviceSettingsView.swift */ = {isa = PBXFileReference; lastKnownFileType = sourcecode.swift; path = DeviceSettingsView.swift; sourceTree = "<group>"; };
		75DCFF9D5E311EA2C0891A41 /* ExtensionSetupView.swift */ = {isa = PBXFileReference; lastKnownFileType = sourcecode.swift; path = ExtensionSetupView.swift; sourceTree = "<group>"; };
		7C3D241925EF81E938247C15 /* ChatMedia.swift */ = {isa = PBXFileReference; lastKnownFileType = sourcecode.swift; path = ChatMedia.swift; sourceTree = "<group>"; };
		7ECDE7BFB212A84C42AEC2A3 /* DeviceLibraryTests.swift */ = {isa = PBXFileReference; lastKnownFileType = sourcecode.swift; path = DeviceLibraryTests.swift; sourceTree = "<group>"; };
		8709EBB6593952ABF30E9889 /* DeviceSignOut.swift */ = {isa = PBXFileReference; lastKnownFileType = sourcecode.swift; path = DeviceSignOut.swift; sourceTree = "<group>"; };
		8C5697D28D27A1636C95E5E2 /* OpenStrudel Text Tests.xctest */ = {isa = PBXFileReference; explicitFileType = wrapper.cfbundle; includeInIndex = 0; path = "OpenStrudel Text Tests.xctest"; sourceTree = BUILT_PRODUCTS_DIR; };
		96A2DF3BB4A7D519FA68EA0F /* LiveCloudPairingUITests.swift */ = {isa = PBXFileReference; lastKnownFileType = sourcecode.swift; path = LiveCloudPairingUITests.swift; sourceTree = "<group>"; };
		97A6C72C5E00D5723795E8B1 /* AgentTransfer.swift */ = {isa = PBXFileReference; lastKnownFileType = sourcecode.swift; path = AgentTransfer.swift; sourceTree = "<group>"; };
		98BB832A7436E9C4AD93FB56 /* OpenStrudel iOS.app */ = {isa = PBXFileReference; includeInIndex = 0; lastKnownFileType = wrapper.application; path = "OpenStrudel iOS.app"; sourceTree = BUILT_PRODUCTS_DIR; };
		9A54DEED2D78EBBD77B24825 /* AgentAppearance.swift */ = {isa = PBXFileReference; lastKnownFileType = sourcecode.swift; path = AgentAppearance.swift; sourceTree = "<group>"; };
		A4A12DEA162BBC10A8CA136D /* Views.swift */ = {isa = PBXFileReference; lastKnownFileType = sourcecode.swift; path = Views.swift; sourceTree = "<group>"; };
		A635A0DA48A1D907252A7BCB /* SetupViews.swift */ = {isa = PBXFileReference; lastKnownFileType = sourcecode.swift; path = SetupViews.swift; sourceTree = "<group>"; };
		A6EBF07406C0F7BBD5F47800 /* AttachmentImportTests.swift */ = {isa = PBXFileReference; lastKnownFileType = sourcecode.swift; path = AttachmentImportTests.swift; sourceTree = "<group>"; };
		ACD91A75580ED25308693AB1 /* AgentAppearanceTests.swift */ = {isa = PBXFileReference; lastKnownFileType = sourcecode.swift; path = AgentAppearanceTests.swift; sourceTree = "<group>"; };
		B49A5A4FE8FCDBCA5997D859 /* HomeMenu.swift */ = {isa = PBXFileReference; lastKnownFileType = sourcecode.swift; path = HomeMenu.swift; sourceTree = "<group>"; };
		B9A7842329C25226D34D8B1C /* cloud-init.sh */ = {isa = PBXFileReference; lastKnownFileType = text.script.sh; path = "cloud-init.sh"; sourceTree = "<group>"; };
		BEB733894E124793EDA9ACA3 /* TranscriptStack.swift */ = {isa = PBXFileReference; lastKnownFileType = sourcecode.swift; path = TranscriptStack.swift; sourceTree = "<group>"; };
		C156BE0450E7CC24D988FA90 /* AgentCharactersUITests.swift */ = {isa = PBXFileReference; lastKnownFileType = sourcecode.swift; path = AgentCharactersUITests.swift; sourceTree = "<group>"; };
		C1A041EB646E3F285D182418 /* DigitalOceanBootstrap.swift */ = {isa = PBXFileReference; lastKnownFileType = sourcecode.swift; path = DigitalOceanBootstrap.swift; sourceTree = "<group>"; };
		C4EA2EF5DDC9D052A757B498 /* home-certificate.json */ = {isa = PBXFileReference; lastKnownFileType = text.json; path = "home-certificate.json"; sourceTree = "<group>"; };
		C7D69A9EDA344A443227E0B2 /* WaiVDSClient.swift */ = {isa = PBXFileReference; lastKnownFileType = sourcecode.swift; path = WaiVDSClient.swift; sourceTree = "<group>"; };
		C89E66060821227C1F39AD78 /* DeviceLibrary.swift */ = {isa = PBXFileReference; lastKnownFileType = sourcecode.swift; path = DeviceLibrary.swift; sourceTree = "<group>"; };
		C9FCFCC5FBCE6D6D6D612458 /* MessageContent.swift */ = {isa = PBXFileReference; lastKnownFileType = sourcecode.swift; path = MessageContent.swift; sourceTree = "<group>"; };
		D671F62812BA20E0AF9CB2FA /* HomeClient.swift */ = {isa = PBXFileReference; lastKnownFileType = sourcecode.swift; path = HomeClient.swift; sourceTree = "<group>"; };
		D6E988F61680172334C63B12 /* PrimaryHomeTests.swift */ = {isa = PBXFileReference; lastKnownFileType = sourcecode.swift; path = PrimaryHomeTests.swift; sourceTree = "<group>"; };
		E29C1F0D3A0FE125E35B565D /* PrivacyInfo.xcprivacy */ = {isa = PBXFileReference; path = PrivacyInfo.xcprivacy; sourceTree = "<group>"; };
		E38873CBA5B37136CDD8FF91 /* AppTheme.swift */ = {isa = PBXFileReference; lastKnownFileType = sourcecode.swift; path = AppTheme.swift; sourceTree = "<group>"; };
		E4AA20BE764618BEE63AF68D /* TelegramLinkTests.swift */ = {isa = PBXFileReference; lastKnownFileType = sourcecode.swift; path = TelegramLinkTests.swift; sourceTree = "<group>"; };
		F852C55F4C0DB4D5D58D578F /* OpenStrudel iOS UI Tests.xctest */ = {isa = PBXFileReference; includeInIndex = 0; lastKnownFileType = wrapper.cfbundle; path = "OpenStrudel iOS UI Tests.xctest"; sourceTree = BUILT_PRODUCTS_DIR; };
		F9234E96C15CA694F0A31099 /* Models.swift */ = {isa = PBXFileReference; lastKnownFileType = sourcecode.swift; path = Models.swift; sourceTree = "<group>"; };
		F96054101E4801A6BCC170C1 /* LocalHome.swift */ = {isa = PBXFileReference; lastKnownFileType = sourcecode.swift; path = LocalHome.swift; sourceTree = "<group>"; };
		FC5BA14427968F91FEFE9F2F /* DigitalOceanWebLoginTests.swift */ = {isa = PBXFileReference; lastKnownFileType = sourcecode.swift; path = DigitalOceanWebLoginTests.swift; sourceTree = "<group>"; };
/* End PBXFileReference section */

/* Begin PBXFrameworksBuildPhase section */
		594139C33FDD0ED69545B120 /* Frameworks */ = {
			isa = PBXFrameworksBuildPhase;
			buildActionMask = 2147483647;
			files = (
				EC2C02C1059E79D01E1D9924 /* Sparkle in Frameworks */,
			);
			runOnlyForDeploymentPostprocessing = 0;
		};
/* End PBXFrameworksBuildPhase section */

/* Begin PBXGroup section */
		02AB75132E50BEA37746ADF2 /* Products */ = {
			isa = PBXGroup;
			children = (
				F852C55F4C0DB4D5D58D578F /* OpenStrudel iOS UI Tests.xctest */,
				98BB832A7436E9C4AD93FB56 /* OpenStrudel iOS.app */,
				701970C42730428CE9DABD8A /* OpenStrudel macOS.app */,
				8C5697D28D27A1636C95E5E2 /* OpenStrudel Text Tests.xctest */,
			);
			name = Products;
			sourceTree = "<group>";
		};
		29E00286E47652BF27B34BFC /* Resources */ = {
			isa = PBXGroup;
			children = (
				37B4BD216FB2EDE09E4E16E4 /* Sparkle-LICENSE.txt */,
			);
			path = Resources;
			sourceTree = "<group>";
		};
		2C1B064E52E9C728955B5E56 /* Sources */ = {
			isa = PBXGroup;
			children = (
				9A54DEED2D78EBBD77B24825 /* AgentAppearance.swift */,
				4D96F9460E173BD6E9269AE3 /* AgentAppearanceViews.swift */,
				97A6C72C5E00D5723795E8B1 /* AgentTransfer.swift */,
				31C9D3DF0BCBDC8DE546D88B /* AgentTransferViews.swift */,
				4B9B3467FCD3522515AD8F38 /* AppIconAppearance.swift */,
				2E0150A7686260E33ABC51F9 /* ApprovalSettingsView.swift */,
				E38873CBA5B37136CDD8FF91 /* AppTheme.swift */,
				25538EEFA0F0470CDF4958CC /* AppUpdater.swift */,
				718BE32FAB2706C4D8DB4C86 /* AttachmentImport.swift */,
				7C3D241925EF81E938247C15 /* ChatMedia.swift */,
				C89E66060821227C1F39AD78 /* DeviceLibrary.swift */,
				72EEEC73D033EF5BC24DC309 /* DeviceSettingsView.swift */,
				8709EBB6593952ABF30E9889 /* DeviceSignOut.swift */,
				C1A041EB646E3F285D182418 /* DigitalOceanBootstrap.swift */,
				5CF338D2C3249DC58392487E /* DigitalOceanCloud.swift */,
				75DCFF9D5E311EA2C0891A41 /* ExtensionSetupView.swift */,
				D671F62812BA20E0AF9CB2FA /* HomeClient.swift */,
				B49A5A4FE8FCDBCA5997D859 /* HomeMenu.swift */,
				2B99FD977A6DF945EF17152E /* HostingStore.swift */,
				3B1CA4A01722F775952B9530 /* LocalDataReset.swift */,
				6B5A8A2A8A51E792A7C05A7F /* LocalDataResetView.swift */,
				F96054101E4801A6BCC170C1 /* LocalHome.swift */,
				C9FCFCC5FBCE6D6D6D612458 /* MessageContent.swift */,
				11DF3BC1500A7B883ABFF774 /* MessagePages.swift */,
				15270A8B1FADC16CBEE2AB86 /* MobileConnection.swift */,
				41969DD182FE17F98BBEEE17 /* MobileConnectionViews.swift */,
				F9234E96C15CA694F0A31099 /* Models.swift */,
				680E20C305BC52A853E797DD /* OpenStrudelApp.swift */,
				58DAA420A0BE0C62176A43DB /* PrimaryHomeSettings.swift */,
				E29C1F0D3A0FE125E35B565D /* PrivacyInfo.xcprivacy */,
				A635A0DA48A1D907252A7BCB /* SetupViews.swift */,
				31C40E4BEA4DD9523E6ADCA1 /* TelegramLink.swift */,
				36B92676161A3FD9E3889C48 /* TelegramSetupView.swift */,
				BEB733894E124793EDA9ACA3 /* TranscriptStack.swift */,
				A4A12DEA162BBC10A8CA136D /* Views.swift */,
				C7D69A9EDA344A443227E0B2 /* WaiVDSClient.swift */,
				61A4BCF298A1E1126E8D3482 /* WaiVDSContract.swift */,
			);
			path = Sources;
			sourceTree = "<group>";
		};
		546851BDDD0611547A254A69 /* UITests */ = {
			isa = PBXGroup;
			children = (
				452D1C62E5C23CB46B6FD978 /* AccountRecoveryUITests.swift */,
				C156BE0450E7CC24D988FA90 /* AgentCharactersUITests.swift */,
				6D1AB12278F64C5C7247C698 /* DesignAccessibilityUITests.swift */,
				560A60BE1D2AAD42DC5C600D /* ExtensionsUITests.swift */,
				1132C0F7932A6440305D150A /* iPhoneSmokeTests.swift */,
				96A2DF3BB4A7D519FA68EA0F /* LiveCloudPairingUITests.swift */,
				4DDBDB4821F4175BB293C35F /* MobilePairingUITests.swift */,
				269C829F112500B5E34127F7 /* ReleaseScenariosUITests.swift */,
				63F40AD948917E9AE1685058 /* StorePreviewUITests.swift */,
			);
			path = UITests;
			sourceTree = "<group>";
		};
		9332B7FCD8BAD85E05291826 /* Tests */ = {
			isa = PBXGroup;
			children = (
				ACD91A75580ED25308693AB1 /* AgentAppearanceTests.swift */,
				5A087F040F8395EFA9DA4306 /* AgentTransferTests.swift */,
				A6EBF07406C0F7BBD5F47800 /* AttachmentImportTests.swift */,
				6DA7A5FC9D1A46B7D5486153 /* ChatClockTests.swift */,
				7ECDE7BFB212A84C42AEC2A3 /* DeviceLibraryTests.swift */,
				06FEF9F7FF45A0D9EF5FFC46 /* DigitalOceanCloudTests.swift */,
				FC5BA14427968F91FEFE9F2F /* DigitalOceanWebLoginTests.swift */,
				59124750DE089CC23DCB20B9 /* HomeAccountRecoveryTests.swift */,
				1F7D53298A142CDF1B276ABC /* LocalDataResetTests.swift */,
				58B7111F287B0C5661239DEB /* MessageContentTests.swift */,
				3D8AC19EC197C2FC60EBEB3D /* MobilePairingTests.swift */,
				D6E988F61680172334C63B12 /* PrimaryHomeTests.swift */,
				E4AA20BE764618BEE63AF68D /* TelegramLinkTests.swift */,
				16302AC88D0BE5545DFBFC7F /* UserFacingErrorTests.swift */,
				0F4C8D0A80AE9D97821FA98C /* WaiVDSClientTests.swift */,
				A6CAB181CBBF978C846EC21E /* Fixtures */,
			);
			path = Tests;
			sourceTree = "<group>";
		};
		A6CAB181CBBF978C846EC21E /* Fixtures */ = {
			isa = PBXGroup;
			children = (
				C4EA2EF5DDC9D052A757B498 /* home-certificate.json */,
				4AF0B9DD514B9520C3BB378E /* wai-vds-v2.json */,
			);
			path = Fixtures;
			sourceTree = "<group>";
		};
		D0FBB4C713A965B14D031306 /* openmagic */ = {
			isa = PBXGroup;
			children = (
				DE8D5727C568F73772686335 /* scripts */,
			);
			name = openmagic;
			path = ../..;
			sourceTree = "<group>";
		};
		D36F1D4A4647B04498C8FA96 = {
			isa = PBXGroup;
			children = (
				709BE1A9B19D0468720417CF /* Assets.xcassets */,
				D0FBB4C713A965B14D031306 /* openmagic */,
				29E00286E47652BF27B34BFC /* Resources */,
				2C1B064E52E9C728955B5E56 /* Sources */,
				9332B7FCD8BAD85E05291826 /* Tests */,
				546851BDDD0611547A254A69 /* UITests */,
				02AB75132E50BEA37746ADF2 /* Products */,
			);
			sourceTree = "<group>";
		};
		DE8D5727C568F73772686335 /* scripts */ = {
			isa = PBXGroup;
			children = (
				B9A7842329C25226D34D8B1C /* cloud-init.sh */,
			);
			path = scripts;
			sourceTree = "<group>";
		};
/* End PBXGroup section */

/* Begin PBXNativeTarget section */
		3FF43725BBFB2459704B7DC5 /* OpenStrudel Text Tests */ = {
			isa = PBXNativeTarget;
			buildConfigurationList = 844BD3E688EE1D3B081DAE77 /* Build configuration list for PBXNativeTarget "OpenStrudel Text Tests" */;
			buildPhases = (
				077DAE2E968437B4E4D2D0DD /* Sources */,
				C1E96E288D0CF4DD8A084F1E /* Resources */,
			);
			buildRules = (
			);
			dependencies = (
			);
			name = "OpenStrudel Text Tests";
			packageProductDependencies = (
			);
			productName = "OpenStrudel Text Tests";
			productReference = 8C5697D28D27A1636C95E5E2 /* OpenStrudel Text Tests.xctest */;
			productType = "com.apple.product-type.bundle.unit-test";
		};
		8D05C4A089D4227D5AFD7F2A /* OpenStrudel iOS */ = {
			isa = PBXNativeTarget;
			buildConfigurationList = AF340C1D56255140B7C8FCC3 /* Build configuration list for PBXNativeTarget "OpenStrudel iOS" */;
			buildPhases = (
				78E1536CA0F6985CB8B2876F /* Sources */,
				F068E0FB7E99A8D7893A99DC /* Resources */,
			);
			buildRules = (
			);
			dependencies = (
			);
			name = "OpenStrudel iOS";
			packageProductDependencies = (
			);
			productName = "OpenStrudel iOS";
			productReference = 98BB832A7436E9C4AD93FB56 /* OpenStrudel iOS.app */;
			productType = "com.apple.product-type.application";
		};
		A8B04797DF061E60420CF7E4 /* OpenStrudel macOS */ = {
			isa = PBXNativeTarget;
			buildConfigurationList = CD9E88DD2CEE637B8553BDCB /* Build configuration list for PBXNativeTarget "OpenStrudel macOS" */;
			buildPhases = (
				3F636A503959E370A65037CE /* Sources */,
				1B970B537B5E5D2C1EB24723 /* Resources */,
				594139C33FDD0ED69545B120 /* Frameworks */,
			);
			buildRules = (
			);
			dependencies = (
			);
			name = "OpenStrudel macOS";
			packageProductDependencies = (
				034974DBF235D1A2CAF70200 /* Sparkle */,
			);
			productName = "OpenStrudel macOS";
			productReference = 701970C42730428CE9DABD8A /* OpenStrudel macOS.app */;
			productType = "com.apple.product-type.application";
		};
		CA035F322492DCDA9458DF29 /* OpenStrudel iOS UI Tests */ = {
			isa = PBXNativeTarget;
			buildConfigurationList = 5BAB7CD3F53A1947E48CF341 /* Build configuration list for PBXNativeTarget "OpenStrudel iOS UI Tests" */;
			buildPhases = (
				94BA2FAF3B6AC0BE2518E5B2 /* Sources */,
			);
			buildRules = (
			);
			dependencies = (
				B2CE2209E69874F419D457BA /* PBXTargetDependency */,
			);
			name = "OpenStrudel iOS UI Tests";
			packageProductDependencies = (
			);
			productName = "OpenStrudel iOS UI Tests";
			productReference = F852C55F4C0DB4D5D58D578F /* OpenStrudel iOS UI Tests.xctest */;
			productType = "com.apple.product-type.bundle.ui-testing";
		};
/* End PBXNativeTarget section */

/* Begin PBXProject section */
		7324C9B86738F39E1BF8CFD9 /* Project object */ = {
			isa = PBXProject;
			attributes = {
				BuildIndependentTargetsInParallel = YES;
				LastUpgradeCheck = 1430;
				TargetAttributes = {
					3FF43725BBFB2459704B7DC5 = {
						DevelopmentTeam = R4A779QVVY;
					};
					8D05C4A089D4227D5AFD7F2A = {
						DevelopmentTeam = R4A779QVVY;
						ProvisioningStyle = Manual;
					};
					A8B04797DF061E60420CF7E4 = {
						DevelopmentTeam = R4A779QVVY;
					};
					CA035F322492DCDA9458DF29 = {
						DevelopmentTeam = R4A779QVVY;
						ProvisioningStyle = Automatic;
						TestTargetID = 8D05C4A089D4227D5AFD7F2A;
					};
				};
			};
			buildConfigurationList = EB6418B146F9EE8B07311678 /* Build configuration list for PBXProject "OpenStrudel" */;
			compatibilityVersion = "Xcode 14.0";
			developmentRegion = ru;
			hasScannedForEncodings = 0;
			knownRegions = (
				Base,
				ru,
			);
			mainGroup = D36F1D4A4647B04498C8FA96;
			minimizedProjectReferenceProxies = 1;
			packageReferences = (
				3EB9911774FE23671D5DC051 /* XCRemoteSwiftPackageReference "Sparkle" */,
			);
			preferredProjectObjectVersion = 77;
			projectDirPath = "";
			projectRoot = "";
			targets = (
				3FF43725BBFB2459704B7DC5 /* OpenStrudel Text Tests */,
				8D05C4A089D4227D5AFD7F2A /* OpenStrudel iOS */,
				CA035F322492DCDA9458DF29 /* OpenStrudel iOS UI Tests */,
				A8B04797DF061E60420CF7E4 /* OpenStrudel macOS */,
			);
		};
/* End PBXProject section */

/* Begin PBXResourcesBuildPhase section */
		1B970B537B5E5D2C1EB24723 /* Resources */ = {
			isa = PBXResourcesBuildPhase;
			buildActionMask = 2147483647;
			files = (
				AEBC06A730AF2BB81D4BA10A /* Assets.xcassets in Resources */,
				8948A7997B267280DC592F77 /* PrivacyInfo.xcprivacy in Resources */,
				C1D22A6A95D61EF3973CECE1 /* Sparkle-LICENSE.txt in Resources */,
				6117E204130547257A2588AE /* cloud-init.sh in Resources */,
			);
			runOnlyForDeploymentPostprocessing = 0;
		};
		C1E96E288D0CF4DD8A084F1E /* Resources */ = {
			isa = PBXResourcesBuildPhase;
			buildActionMask = 2147483647;
			files = (
				1109A0AEE1C8475E2E3181A3 /* cloud-init.sh in Resources */,
				B5946DFBDF9D76520B6AFCB8 /* home-certificate.json in Resources */,
				A3A89F6317E0E47EE5AF44AB /* wai-vds-v2.json in Resources */,
			);
			runOnlyForDeploymentPostprocessing = 0;
		};
		F068E0FB7E99A8D7893A99DC /* Resources */ = {
			isa = PBXResourcesBuildPhase;
			buildActionMask = 2147483647;
			files = (
				A79D2D5137601CAA6E565304 /* Assets.xcassets in Resources */,
				64365D840FC1C3F656F9447B /* PrivacyInfo.xcprivacy in Resources */,
				FC61FB4F58F351C111D601E9 /* cloud-init.sh in Resources */,
			);
			runOnlyForDeploymentPostprocessing = 0;
		};
/* End PBXResourcesBuildPhase section */

/* Begin PBXSourcesBuildPhase section */
		077DAE2E968437B4E4D2D0DD /* Sources */ = {
			isa = PBXSourcesBuildPhase;
			buildActionMask = 2147483647;
			files = (
				76A9DEA63806F5B706E1F523 /* AgentAppearance.swift in Sources */,
				588CD75B3C1F9C3EE35BC4F4 /* AgentAppearanceTests.swift in Sources */,
				FE16FE1017F5BA162CF34398 /* AgentTransfer.swift in Sources */,
				7731DA55E2CDCA3C6C0735AE /* AgentTransferTests.swift in Sources */,
				954CECC367D15575AF45868F /* AppTheme.swift in Sources */,
				C8DE0605E64DF75EAD5BA868 /* AttachmentImport.swift in Sources */,
				5DE440D2FB286AD1ED3CE80A /* AttachmentImportTests.swift in Sources */,
				D24C4F8AD7FB5F62D4495C35 /* ChatClockTests.swift in Sources */,
				90908463E5E449B8A6864497 /* ChatMedia.swift in Sources */,
				D8C2A97016900A9F9A658C0B /* DeviceLibrary.swift in Sources */,
				28A9DA1110E1BA1B0F865DEE /* DeviceLibraryTests.swift in Sources */,
				E881BC2893184397D1A9AFE9 /* DigitalOceanBootstrap.swift in Sources */,
				8B0DD4E8C65EC9C02924DE59 /* DigitalOceanCloud.swift in Sources */,
				5B679607856CC1AB98F6A104 /* DigitalOceanCloudTests.swift in Sources */,
				99944D193416881E7D8D727B /* DigitalOceanWebLoginTests.swift in Sources */,
				2F7A1F01537586579154FC86 /* HomeAccountRecoveryTests.swift in Sources */,
				19BB73C6174838CCE33D3D0D /* HomeClient.swift in Sources */,
				4A0104CC2C576E467EF78724 /* HostingStore.swift in Sources */,
				3CEEE4913F9C75966E2902EA /* LocalDataReset.swift in Sources */,
				38A327481A17BCFCEAC3F116 /* LocalDataResetTests.swift in Sources */,
				76BF370363AC2C6470E67CBE /* LocalHome.swift in Sources */,
				4E6B82BD6C972AB6EE32CAFE /* MessageContent.swift in Sources */,
				80A890128CCD16FCD6ECE3AD /* MessageContentTests.swift in Sources */,
				29266C725949B6930C224FC9 /* MessagePages.swift in Sources */,
				E666DB6B98B0F9FDC670BCC0 /* MobileConnection.swift in Sources */,
				066029DEC026A68A1379F314 /* MobilePairingTests.swift in Sources */,
				A9E99DD5DF279B319C5FCE1A /* Models.swift in Sources */,
				FA990FEF4C0EA7D7B16F790C /* PrimaryHomeTests.swift in Sources */,
				432170F591B888A7AAE071E6 /* TelegramLink.swift in Sources */,
				020E702A765279E48B7039CD /* TelegramLinkTests.swift in Sources */,
				710C9EA301B072949AB43AF4 /* UserFacingErrorTests.swift in Sources */,
				34F7B89438C04109E4B1A946 /* WaiVDSClient.swift in Sources */,
				4452A1ECB47F859886AD7276 /* WaiVDSClientTests.swift in Sources */,
				87816A6CD5C75D29103B8A80 /* WaiVDSContract.swift in Sources */,
			);
			runOnlyForDeploymentPostprocessing = 0;
		};
		3F636A503959E370A65037CE /* Sources */ = {
			isa = PBXSourcesBuildPhase;
			buildActionMask = 2147483647;
			files = (
				F6604979C497258E987E2193 /* AgentAppearance.swift in Sources */,
				850B934B29DF93BD5D94629D /* AgentAppearanceViews.swift in Sources */,
				605C0ED95C9C79FCD1EACED1 /* AgentTransfer.swift in Sources */,
				A468660D4A41BD2C0F719FDB /* AgentTransferViews.swift in Sources */,
				631BE06D25300A0E399F2E28 /* AppIconAppearance.swift in Sources */,
				2061E90D9AC95D39DAAA06E8 /* AppTheme.swift in Sources */,
				523AFBBC3F4EB9C2769483F3 /* AppUpdater.swift in Sources */,
				355DA3CE6FDC4903C7A38DC3 /* ApprovalSettingsView.swift in Sources */,
				FED472FDDD9D5774F84AD1A4 /* AttachmentImport.swift in Sources */,
				5785006166AD53761DA29454 /* ChatMedia.swift in Sources */,
				E57438BBC88134F35C3EA734 /* DeviceLibrary.swift in Sources */,
				5FD6F6516DA25B7806FBE7A5 /* DeviceSettingsView.swift in Sources */,
				077A169A25CD4395F918F4E7 /* DeviceSignOut.swift in Sources */,
				96011E8827031FF477E78A0D /* DigitalOceanBootstrap.swift in Sources */,
				A789FE50A71BA8F813390382 /* DigitalOceanCloud.swift in Sources */,
				85DCDAD404A8CAF5A70DE7D1 /* ExtensionSetupView.swift in Sources */,
				8264AD8368237A515B1B219D /* HomeClient.swift in Sources */,
				A29435710511A8C352C77D66 /* HomeMenu.swift in Sources */,
				7CB4918D49632B6169D77921 /* HostingStore.swift in Sources */,
				1EB1AE21EA4C3C7C5DF63CD6 /* LocalDataReset.swift in Sources */,
				EFDF18977D160A503A48D5BE /* LocalDataResetView.swift in Sources */,
				99F3C8183EE6FE6B2B2A9746 /* LocalHome.swift in Sources */,
				B94227E897A95830CFA06A03 /* MessageContent.swift in Sources */,
				1C3A1561A6F07C089C13234F /* MessagePages.swift in Sources */,
				4DB4F5AB41099807895716B3 /* MobileConnection.swift in Sources */,
				1B7D1573EF6D0D4B9743DC03 /* MobileConnectionViews.swift in Sources */,
				A71AEB032AAB4C5DA49D5497 /* Models.swift in Sources */,
				85C1C1D5EA678B5643F6884B /* OpenStrudelApp.swift in Sources */,
				25CE0B6159318A64EDD2D1F2 /* PrimaryHomeSettings.swift in Sources */,
				DEEDEAD2AB25008C3CCAF7D7 /* SetupViews.swift in Sources */,
				A79B998AC283916B7DEAB006 /* TelegramLink.swift in Sources */,
				5B5A34FD1B9C22C5A8BD6238 /* TelegramSetupView.swift in Sources */,
				8C0B60605D75DD5E9713446C /* TranscriptStack.swift in Sources */,
				3A4F31F9396C14C867C86558 /* Views.swift in Sources */,
				1C77B536C158057E9FE47DA8 /* WaiVDSClient.swift in Sources */,
				900440E9B87F1AA8E3BBA988 /* WaiVDSContract.swift in Sources */,
			);
			runOnlyForDeploymentPostprocessing = 0;
		};
		78E1536CA0F6985CB8B2876F /* Sources */ = {
			isa = PBXSourcesBuildPhase;
			buildActionMask = 2147483647;
			files = (
				7F3CBCD184E1FE8592F1625E /* AgentAppearance.swift in Sources */,
				088E7C7AA2674D44C3751AE5 /* AgentAppearanceViews.swift in Sources */,
				33E5289AE4FCC51707985917 /* AgentTransfer.swift in Sources */,
				0E0F3C4329E1EA2E6C689738 /* AgentTransferViews.swift in Sources */,
				BD17762CF52EB077E6C09EC9 /* AppIconAppearance.swift in Sources */,
				2F84019800922A922C82B1CE /* AppTheme.swift in Sources */,
				BA4C2329101E4E5D8C2EABD1 /* AppUpdater.swift in Sources */,
				3B7C53804164BE37DA226B4D /* ApprovalSettingsView.swift in Sources */,
				0273A3B12C532A6C897E1E4D /* AttachmentImport.swift in Sources */,
				38670454174D5126BB5A84D1 /* ChatMedia.swift in Sources */,
				BD536195DB95EA60861EF9AD /* DeviceLibrary.swift in Sources */,
				AAE26D83AD3BF442576953F8 /* DeviceSettingsView.swift in Sources */,
				C8E9F77A1A8A5D66D4211EF5 /* DeviceSignOut.swift in Sources */,
				E09E082D82D45A7D09421AB8 /* DigitalOceanBootstrap.swift in Sources */,
				8769E196AFD3136FF6469A32 /* DigitalOceanCloud.swift in Sources */,
				02C59B29F2AB08336EF37F25 /* ExtensionSetupView.swift in Sources */,
				714657174DCE32C3AD9148AE /* HomeClient.swift in Sources */,
				4069A7E903D63727808053A3 /* HomeMenu.swift in Sources */,
				141A8FF96B26F636B9AFAFD3 /* HostingStore.swift in Sources */,
				DB980F43982F1C793D004B7F /* LocalDataReset.swift in Sources */,
				C44ADEF9A93155D3D5D5B1B5 /* LocalDataResetView.swift in Sources */,
				6233DE5478EEF12B4815FD6E /* LocalHome.swift in Sources */,
				9AEBA79A4E9D40E1EE309371 /* MessageContent.swift in Sources */,
				1CD8FA58518B17B5FB17FCB0 /* MessagePages.swift in Sources */,
				AF175297574377B16061325E /* MobileConnection.swift in Sources */,
				528728D21AA6033C7D7F276D /* MobileConnectionViews.swift in Sources */,
				5E16737811633861DD72192E /* Models.swift in Sources */,
				966082403049AA4A4D03B492 /* OpenStrudelApp.swift in Sources */,
				929A1EC7F6CC34C5382DBE52 /* PrimaryHomeSettings.swift in Sources */,
				A164C5DB09FEADCF6861BF35 /* SetupViews.swift in Sources */,
				9E26129063311A8AF124A802 /* TelegramLink.swift in Sources */,
				F1930037590FB223FEAA6DC3 /* TelegramSetupView.swift in Sources */,
				0A357D80F9C3C9AB33B86C93 /* TranscriptStack.swift in Sources */,
				EFD46E79E43C1763A4CF16F6 /* Views.swift in Sources */,
				A5ED93D474C0137C8436C94A /* WaiVDSClient.swift in Sources */,
				DEA7AE93CC5A847816D864F5 /* WaiVDSContract.swift in Sources */,
			);
			runOnlyForDeploymentPostprocessing = 0;
		};
		94BA2FAF3B6AC0BE2518E5B2 /* Sources */ = {
			isa = PBXSourcesBuildPhase;
			buildActionMask = 2147483647;
			files = (
				35830784DC5290BC03679296 /* AccountRecoveryUITests.swift in Sources */,
				405EE709A22DB0AD7D596EF5 /* AgentCharactersUITests.swift in Sources */,
				F92751B4CA90257CFDC92A40 /* DesignAccessibilityUITests.swift in Sources */,
				FAF196A470B7DCB88053E108 /* ExtensionsUITests.swift in Sources */,
				09FDF891ED4D0479E78D39E0 /* LiveCloudPairingUITests.swift in Sources */,
				5E17805965A351ABB7620CF2 /* MobilePairingUITests.swift in Sources */,
				396D0DCDA42F07B7B6AD8CDA /* ReleaseScenariosUITests.swift in Sources */,
				63497E44A5FAA3B8E94C0FF6 /* StorePreviewUITests.swift in Sources */,
				2D09788DED8F1C5EDE458BE2 /* iPhoneSmokeTests.swift in Sources */,
			);
			runOnlyForDeploymentPostprocessing = 0;
		};
/* End PBXSourcesBuildPhase section */

/* Begin PBXTargetDependency section */
		B2CE2209E69874F419D457BA /* PBXTargetDependency */ = {
			isa = PBXTargetDependency;
			target = 8D05C4A089D4227D5AFD7F2A /* OpenStrudel iOS */;
			targetProxy = 4E259A264AEBDE9734D4025E /* PBXContainerItemProxy */;
		};
/* End PBXTargetDependency section */

/* Begin XCBuildConfiguration section */
		044D0589F9624BEF205B27A0 /* Release */ = {
			isa = XCBuildConfiguration;
			buildSettings = {
				ASSETCATALOG_COMPILER_APPICON_NAME = iOSAppIcon;
				CODE_SIGN_ENTITLEMENTS = iOS.entitlements;
				CODE_SIGN_IDENTITY = "Apple Development";
				CODE_SIGN_STYLE = Manual;
				CURRENT_PROJECT_VERSION = 29;
				INFOPLIST_FILE = "iOS-Info.plist";
				INFOPLIST_KEY_CFBundleDisplayName = OpenStrudel;
				INFOPLIST_KEY_LSApplicationCategoryType = "public.app-category.productivity";
				LD_RUNPATH_SEARCH_PATHS = (
					"$(inherited)",
					"@executable_path/Frameworks",
				);
				PRODUCT_BUNDLE_IDENTIFIER = is.openstrudel.ios;
				PROVISIONING_PROFILE_SPECIFIER = "OpenStrudel Development";
				SDKROOT = iphoneos;
				SUPPORTS_MACCATALYST = NO;
				TARGETED_DEVICE_FAMILY = "1,2";
			};
			name = Release;
		};
		0AC4D92CDCA84AD886971662 /* Release */ = {
			isa = XCBuildConfiguration;
			buildSettings = {
				BUNDLE_LOADER = "$(TEST_HOST)";
				CODE_SIGN_STYLE = Automatic;
				GENERATE_INFOPLIST_FILE = YES;
				LD_RUNPATH_SEARCH_PATHS = (
					"$(inherited)",
					"@executable_path/Frameworks",
					"@loader_path/Frameworks",
				);
				PRODUCT_BUNDLE_IDENTIFIER = is.openstrudel.ios.uitests;
				SDKROOT = iphoneos;
				TARGETED_DEVICE_FAMILY = "1,2";
				TEST_TARGET_NAME = "OpenStrudel iOS";
			};
			name = Release;
		};
		130559DE245E778181012153 /* Debug */ = {
			isa = XCBuildConfiguration;
			buildSettings = {
				ASSETCATALOG_COMPILER_APPICON_NAME = iOSAppIcon;
				CODE_SIGN_ENTITLEMENTS = iOS.entitlements;
				CODE_SIGN_IDENTITY = "Apple Development";
				CODE_SIGN_STYLE = Manual;
				CURRENT_PROJECT_VERSION = 29;
				INFOPLIST_FILE = "iOS-Info.plist";
				INFOPLIST_KEY_CFBundleDisplayName = OpenStrudel;
				INFOPLIST_KEY_LSApplicationCategoryType = "public.app-category.productivity";
				LD_RUNPATH_SEARCH_PATHS = (
					"$(inherited)",
					"@executable_path/Frameworks",
				);
				PRODUCT_BUNDLE_IDENTIFIER = is.openstrudel.ios;
				PROVISIONING_PROFILE_SPECIFIER = "OpenStrudel Development";
				SDKROOT = iphoneos;
				SUPPORTS_MACCATALYST = NO;
				TARGETED_DEVICE_FAMILY = "1,2";
			};
			name = Debug;
		};
		17E4A96A958D58CA81BCF8B3 /* Release */ = {
			isa = XCBuildConfiguration;
			buildSettings = {
				BUNDLE_LOADER = "$(TEST_HOST)";
				COMBINE_HIDPI_IMAGES = YES;
				GENERATE_INFOPLIST_FILE = YES;
				LD_RUNPATH_SEARCH_PATHS = (
					"$(inherited)",
					"@executable_path/../Frameworks",
					"@loader_path/../Frameworks",
				);
				PRODUCT_BUNDLE_IDENTIFIER = "is.openstrudel.text-tests";
				SDKROOT = macosx;
			};
			name = Release;
		};
		1A5B5159ED92748B19C9CE8A /* Debug */ = {
			isa = XCBuildConfiguration;
			buildSettings = {
				BUNDLE_LOADER = "$(TEST_HOST)";
				CODE_SIGN_STYLE = Automatic;
				GENERATE_INFOPLIST_FILE = YES;
				LD_RUNPATH_SEARCH_PATHS = (
					"$(inherited)",
					"@executable_path/Frameworks",
					"@loader_path/Frameworks",
				);
				PRODUCT_BUNDLE_IDENTIFIER = is.openstrudel.ios.uitests;
				SDKROOT = iphoneos;
				TARGETED_DEVICE_FAMILY = "1,2";
				TEST_TARGET_NAME = "OpenStrudel iOS";
			};
			name = Debug;
		};
		793EF8CB16F6FC7583AA23FB /* Debug */ = {
			isa = XCBuildConfiguration;
			buildSettings = {
				BUNDLE_LOADER = "$(TEST_HOST)";
				COMBINE_HIDPI_IMAGES = YES;
				GENERATE_INFOPLIST_FILE = YES;
				LD_RUNPATH_SEARCH_PATHS = (
					"$(inherited)",
					"@executable_path/../Frameworks",
					"@loader_path/../Frameworks",
				);
				PRODUCT_BUNDLE_IDENTIFIER = "is.openstrudel.text-tests";
				SDKROOT = macosx;
			};
			name = Debug;
		};
		8A6C5487B0712EDAA7872082 /* Release */ = {
			isa = XCBuildConfiguration;
			buildSettings = {
				ALWAYS_SEARCH_USER_PATHS = NO;
				ASSETCATALOG_COMPILER_GLOBAL_ACCENT_COLOR_NAME = AccentColor;
				CLANG_ANALYZER_NONNULL = YES;
				CLANG_ANALYZER_NUMBER_OBJECT_CONVERSION = YES_AGGRESSIVE;
				CLANG_CXX_LANGUAGE_STANDARD = "gnu++14";
				CLANG_CXX_LIBRARY = "libc++";
				CLANG_ENABLE_MODULES = YES;
				CLANG_ENABLE_OBJC_ARC = YES;
				CLANG_ENABLE_OBJC_WEAK = YES;
				CLANG_WARN_BLOCK_CAPTURE_AUTORELEASING = YES;
				CLANG_WARN_BOOL_CONVERSION = YES;
				CLANG_WARN_COMMA = YES;
				CLANG_WARN_CONSTANT_CONVERSION = YES;
				CLANG_WARN_DEPRECATED_OBJC_IMPLEMENTATIONS = YES;
				CLANG_WARN_DIRECT_OBJC_ISA_USAGE = YES_ERROR;
				CLANG_WARN_DOCUMENTATION_COMMENTS = YES;
				CLANG_WARN_EMPTY_BODY = YES;
				CLANG_WARN_ENUM_CONVERSION = YES;
				CLANG_WARN_INFINITE_RECURSION = YES;
				CLANG_WARN_INT_CONVERSION = YES;
				CLANG_WARN_NON_LITERAL_NULL_CONVERSION = YES;
				CLANG_WARN_OBJC_IMPLICIT_RETAIN_SELF = YES;
				CLANG_WARN_OBJC_LITERAL_CONVERSION = YES;
				CLANG_WARN_OBJC_ROOT_CLASS = YES_ERROR;
				CLANG_WARN_QUOTED_INCLUDE_IN_FRAMEWORK_HEADER = YES;
				CLANG_WARN_RANGE_LOOP_ANALYSIS = YES;
				CLANG_WARN_STRICT_PROTOTYPES = YES;
				CLANG_WARN_SUSPICIOUS_MOVE = YES;
				CLANG_WARN_UNGUARDED_AVAILABILITY = YES_AGGRESSIVE;
				CLANG_WARN_UNREACHABLE_CODE = YES;
				CLANG_WARN__DUPLICATE_METHOD_MATCH = YES;
				COPY_PHASE_STRIP = NO;
				CURRENT_PROJECT_VERSION = 28;
				DEBUG_INFORMATION_FORMAT = "dwarf-with-dsym";
				DEVELOPMENT_TEAM = R4A779QVVY;
				ENABLE_NS_ASSERTIONS = NO;
				ENABLE_STRICT_OBJC_MSGSEND = YES;
				GCC_C_LANGUAGE_STANDARD = gnu11;
				GCC_NO_COMMON_BLOCKS = YES;
				GCC_WARN_64_TO_32_BIT_CONVERSION = YES;
				GCC_WARN_ABOUT_RETURN_TYPE = YES_ERROR;
				GCC_WARN_UNDECLARED_SELECTOR = YES;
				GCC_WARN_UNINITIALIZED_AUTOS = YES_AGGRESSIVE;
				GCC_WARN_UNUSED_FUNCTION = YES;
				GCC_WARN_UNUSED_VARIABLE = YES;
				IPHONEOS_DEPLOYMENT_TARGET = 26.0;
				MACOSX_DEPLOYMENT_TARGET = 26.0;
				MARKETING_VERSION = 1.0;
				MTL_ENABLE_DEBUG_INFO = NO;
				MTL_FAST_MATH = YES;
				PRODUCT_NAME = "$(TARGET_NAME)";
				SWIFT_COMPILATION_MODE = wholemodule;
				SWIFT_OPTIMIZATION_LEVEL = "-O";
				SWIFT_VERSION = 6.0;
			};
			name = Release;
		};
		8DB482309BE6592F2B6878DD /* Debug */ = {
			isa = XCBuildConfiguration;
			buildSettings = {
				ASSETCATALOG_COMPILER_APPICON_NAME = AppIcon;
				COMBINE_HIDPI_IMAGES = YES;
				GENERATE_INFOPLIST_FILE = YES;
				INFOPLIST_FILE = "macOS-Info.plist";
				INFOPLIST_KEY_CFBundleDisplayName = OpenStrudel;
				INFOPLIST_KEY_LSApplicationCategoryType = "public.app-category.productivity";
				LD_RUNPATH_SEARCH_PATHS = (
					"$(inherited)",
					"@executable_path/../Frameworks",
				);
				PRODUCT_BUNDLE_IDENTIFIER = is.openstrudel.mac;
				PRODUCT_NAME = OpenStrudel;
				SDKROOT = macosx;
			};
			name = Debug;
		};
		A73965FE8106C357974CE1CE /* Release */ = {
			isa = XCBuildConfiguration;
			buildSettings = {
				ASSETCATALOG_COMPILER_APPICON_NAME = AppIcon;
				COMBINE_HIDPI_IMAGES = YES;
				GENERATE_INFOPLIST_FILE = YES;
				INFOPLIST_FILE = "macOS-Info.plist";
				INFOPLIST_KEY_CFBundleDisplayName = OpenStrudel;
				INFOPLIST_KEY_LSApplicationCategoryType = "public.app-category.productivity";
				LD_RUNPATH_SEARCH_PATHS = (
					"$(inherited)",
					"@executable_path/../Frameworks",
				);
				PRODUCT_BUNDLE_IDENTIFIER = is.openstrudel.mac;
				PRODUCT_NAME = OpenStrudel;
				SDKROOT = macosx;
			};
			name = Release;
		};
		B2B08EA9855BDC3B369233C7 /* Debug */ = {
			isa = XCBuildConfiguration;
			buildSettings = {
				ALWAYS_SEARCH_USER_PATHS = NO;
				ASSETCATALOG_COMPILER_GLOBAL_ACCENT_COLOR_NAME = AccentColor;
				CLANG_ANALYZER_NONNULL = YES;
				CLANG_ANALYZER_NUMBER_OBJECT_CONVERSION = YES_AGGRESSIVE;
				CLANG_CXX_LANGUAGE_STANDARD = "gnu++14";
				CLANG_CXX_LIBRARY = "libc++";
				CLANG_ENABLE_MODULES = YES;
				CLANG_ENABLE_OBJC_ARC = YES;
				CLANG_ENABLE_OBJC_WEAK = YES;
				CLANG_WARN_BLOCK_CAPTURE_AUTORELEASING = YES;
				CLANG_WARN_BOOL_CONVERSION = YES;
				CLANG_WARN_COMMA = YES;
				CLANG_WARN_CONSTANT_CONVERSION = YES;
				CLANG_WARN_DEPRECATED_OBJC_IMPLEMENTATIONS = YES;
				CLANG_WARN_DIRECT_OBJC_ISA_USAGE = YES_ERROR;
				CLANG_WARN_DOCUMENTATION_COMMENTS = YES;
				CLANG_WARN_EMPTY_BODY = YES;
				CLANG_WARN_ENUM_CONVERSION = YES;
				CLANG_WARN_INFINITE_RECURSION = YES;
				CLANG_WARN_INT_CONVERSION = YES;
				CLANG_WARN_NON_LITERAL_NULL_CONVERSION = YES;
				CLANG_WARN_OBJC_IMPLICIT_RETAIN_SELF = YES;
				CLANG_WARN_OBJC_LITERAL_CONVERSION = YES;
				CLANG_WARN_OBJC_ROOT_CLASS = YES_ERROR;
				CLANG_WARN_QUOTED_INCLUDE_IN_FRAMEWORK_HEADER = YES;
				CLANG_WARN_RANGE_LOOP_ANALYSIS = YES;
				CLANG_WARN_STRICT_PROTOTYPES = YES;
				CLANG_WARN_SUSPICIOUS_MOVE = YES;
				CLANG_WARN_UNGUARDED_AVAILABILITY = YES_AGGRESSIVE;
				CLANG_WARN_UNREACHABLE_CODE = YES;
				CLANG_WARN__DUPLICATE_METHOD_MATCH = YES;
				COPY_PHASE_STRIP = NO;
				CURRENT_PROJECT_VERSION = 28;
				DEBUG_INFORMATION_FORMAT = dwarf;
				DEVELOPMENT_TEAM = R4A779QVVY;
				ENABLE_STRICT_OBJC_MSGSEND = YES;
				ENABLE_TESTABILITY = YES;
				GCC_C_LANGUAGE_STANDARD = gnu11;
				GCC_DYNAMIC_NO_PIC = NO;
				GCC_NO_COMMON_BLOCKS = YES;
				GCC_OPTIMIZATION_LEVEL = 0;
				GCC_PREPROCESSOR_DEFINITIONS = (
					"$(inherited)",
					"DEBUG=1",
				);
				GCC_WARN_64_TO_32_BIT_CONVERSION = YES;
				GCC_WARN_ABOUT_RETURN_TYPE = YES_ERROR;
				GCC_WARN_UNDECLARED_SELECTOR = YES;
				GCC_WARN_UNINITIALIZED_AUTOS = YES_AGGRESSIVE;
				GCC_WARN_UNUSED_FUNCTION = YES;
				GCC_WARN_UNUSED_VARIABLE = YES;
				IPHONEOS_DEPLOYMENT_TARGET = 26.0;
				MACOSX_DEPLOYMENT_TARGET = 26.0;
				MARKETING_VERSION = 1.0;
				MTL_ENABLE_DEBUG_INFO = INCLUDE_SOURCE;
				MTL_FAST_MATH = YES;
				ONLY_ACTIVE_ARCH = YES;
				PRODUCT_NAME = "$(TARGET_NAME)";
				SWIFT_ACTIVE_COMPILATION_CONDITIONS = DEBUG;
				SWIFT_OPTIMIZATION_LEVEL = "-Onone";
				SWIFT_VERSION = 6.0;
			};
			name = Debug;
		};
/* End XCBuildConfiguration section */

/* Begin XCConfigurationList section */
		5BAB7CD3F53A1947E48CF341 /* Build configuration list for PBXNativeTarget "OpenStrudel iOS UI Tests" */ = {
			isa = XCConfigurationList;
			buildConfigurations = (
				1A5B5159ED92748B19C9CE8A /* Debug */,
				0AC4D92CDCA84AD886971662 /* Release */,
			);
			defaultConfigurationIsVisible = 0;
			defaultConfigurationName = Debug;
		};
		844BD3E688EE1D3B081DAE77 /* Build configuration list for PBXNativeTarget "OpenStrudel Text Tests" */ = {
			isa = XCConfigurationList;
			buildConfigurations = (
				793EF8CB16F6FC7583AA23FB /* Debug */,
				17E4A96A958D58CA81BCF8B3 /* Release */,
			);
			defaultConfigurationIsVisible = 0;
			defaultConfigurationName = Debug;
		};
		AF340C1D56255140B7C8FCC3 /* Build configuration list for PBXNativeTarget "OpenStrudel iOS" */ = {
			isa = XCConfigurationList;
			buildConfigurations = (
				130559DE245E778181012153 /* Debug */,
				044D0589F9624BEF205B27A0 /* Release */,
			);
			defaultConfigurationIsVisible = 0;
			defaultConfigurationName = Debug;
		};
		CD9E88DD2CEE637B8553BDCB /* Build configuration list for PBXNativeTarget "OpenStrudel macOS" */ = {
			isa = XCConfigurationList;
			buildConfigurations = (
				8DB482309BE6592F2B6878DD /* Debug */,
				A73965FE8106C357974CE1CE /* Release */,
			);
			defaultConfigurationIsVisible = 0;
			defaultConfigurationName = Debug;
		};
		EB6418B146F9EE8B07311678 /* Build configuration list for PBXProject "OpenStrudel" */ = {
			isa = XCConfigurationList;
			buildConfigurations = (
				B2B08EA9855BDC3B369233C7 /* Debug */,
				8A6C5487B0712EDAA7872082 /* Release */,
			);
			defaultConfigurationIsVisible = 0;
			defaultConfigurationName = Debug;
		};
/* End XCConfigurationList section */

/* Begin XCRemoteSwiftPackageReference section */
		3EB9911774FE23671D5DC051 /* XCRemoteSwiftPackageReference "Sparkle" */ = {
			isa = XCRemoteSwiftPackageReference;
			repositoryURL = "https://github.com/sparkle-project/Sparkle";
			requirement = {
				kind = revision;
				revision = eef1a539a373c1f1a320624b1130fc5de7b2e100;
			};
		};
/* End XCRemoteSwiftPackageReference section */

/* Begin XCSwiftPackageProductDependency section */
		034974DBF235D1A2CAF70200 /* Sparkle */ = {
			isa = XCSwiftPackageProductDependency;
			package = 3EB9911774FE23671D5DC051 /* XCRemoteSwiftPackageReference "Sparkle" */;
			productName = Sparkle;
		};
/* End XCSwiftPackageProductDependency section */
	};
	rootObject = 7324C9B86738F39E1BF8CFD9 /* Project object */;
}
