// !$*UTF8*$!
{
	archiveVersion = 1;
	classes = {
	};
	objectVersion = 77;
	objects = {

/* Begin PBXBuildFile section */
		066029DEC026A68A1379F314 /* MobilePairingTests.swift in Sources */ = {isa = PBXBuildFile; fileRef = 3D8AC19EC197C2FC60EBEB3D /* MobilePairingTests.swift */; };
		1109A0AEE1C8475E2E3181A3 /* cloud-init.sh in Resources */ = {isa = PBXBuildFile; fileRef = B9A7842329C25226D34D8B1C /* cloud-init.sh */; };
		1B7D1573EF6D0D4B9743DC03 /* MobileConnectionViews.swift in Sources */ = {isa = PBXBuildFile; fileRef = 41969DD182FE17F98BBEEE17 /* MobileConnectionViews.swift */; };
		2061E90D9AC95D39DAAA06E8 /* AppTheme.swift in Sources */ = {isa = PBXBuildFile; fileRef = E38873CBA5B37136CDD8FF91 /* AppTheme.swift */; };
		2D09788DED8F1C5EDE458BE2 /* iPhoneSmokeTests.swift in Sources */ = {isa = PBXBuildFile; fileRef = 1132C0F7932A6440305D150A /* iPhoneSmokeTests.swift */; };
		2F84019800922A922C82B1CE /* AppTheme.swift in Sources */ = {isa = PBXBuildFile; fileRef = E38873CBA5B37136CDD8FF91 /* AppTheme.swift */; };
		38670454174D5126BB5A84D1 /* ChatMedia.swift in Sources */ = {isa = PBXBuildFile; fileRef = 7C3D241925EF81E938247C15 /* ChatMedia.swift */; };
		396D0DCDA42F07B7B6AD8CDA /* ReleaseScenariosUITests.swift in Sources */ = {isa = PBXBuildFile; fileRef = 269C829F112500B5E34127F7 /* ReleaseScenariosUITests.swift */; };
		3A4F31F9396C14C867C86558 /* Views.swift in Sources */ = {isa = PBXBuildFile; fileRef = A4A12DEA162BBC10A8CA136D /* Views.swift */; };
		4DB4F5AB41099807895716B3 /* MobileConnection.swift in Sources */ = {isa = PBXBuildFile; fileRef = 15270A8B1FADC16CBEE2AB86 /* MobileConnection.swift */; };
		4E6B82BD6C972AB6EE32CAFE /* MessageContent.swift in Sources */ = {isa = PBXBuildFile; fileRef = C9FCFCC5FBCE6D6D6D612458 /* MessageContent.swift */; };
		523AFBBC3F4EB9C2769483F3 /* AppUpdater.swift in Sources */ = {isa = PBXBuildFile; fileRef = 25538EEFA0F0470CDF4958CC /* AppUpdater.swift */; };
		528728D21AA6033C7D7F276D /* MobileConnectionViews.swift in Sources */ = {isa = PBXBuildFile; fileRef = 41969DD182FE17F98BBEEE17 /* MobileConnectionViews.swift */; };
		5785006166AD53761DA29454 /* ChatMedia.swift in Sources */ = {isa = PBXBuildFile; fileRef = 7C3D241925EF81E938247C15 /* ChatMedia.swift */; };
		5B679607856CC1AB98F6A104 /* DigitalOceanCloudTests.swift in Sources */ = {isa = PBXBuildFile; fileRef = 06FEF9F7FF45A0D9EF5FFC46 /* DigitalOceanCloudTests.swift */; };
		5E16737811633861DD72192E /* Models.swift in Sources */ = {isa = PBXBuildFile; fileRef = F9234E96C15CA694F0A31099 /* Models.swift */; };
		5E17805965A351ABB7620CF2 /* MobilePairingUITests.swift in Sources */ = {isa = PBXBuildFile; fileRef = 4DDBDB4821F4175BB293C35F /* MobilePairingUITests.swift */; };
		6117E204130547257A2588AE /* cloud-init.sh in Resources */ = {isa = PBXBuildFile; fileRef = B9A7842329C25226D34D8B1C /* cloud-init.sh */; };
		6233DE5478EEF12B4815FD6E /* LocalHome.swift in Sources */ = {isa = PBXBuildFile; fileRef = F96054101E4801A6BCC170C1 /* LocalHome.swift */; };
		63497E44A5FAA3B8E94C0FF6 /* StorePreviewUITests.swift in Sources */ = {isa = PBXBuildFile; fileRef = 63F40AD948917E9AE1685058 /* StorePreviewUITests.swift */; };
		64365D840FC1C3F656F9447B /* PrivacyInfo.xcprivacy in Resources */ = {isa = PBXBuildFile; fileRef = E29C1F0D3A0FE125E35B565D /* PrivacyInfo.xcprivacy */; };
		714657174DCE32C3AD9148AE /* HomeClient.swift in Sources */ = {isa = PBXBuildFile; fileRef = D671F62812BA20E0AF9CB2FA /* HomeClient.swift */; };
		80A890128CCD16FCD6ECE3AD /* MessageContentTests.swift in Sources */ = {isa = PBXBuildFile; fileRef = 58B7111F287B0C5661239DEB /* MessageContentTests.swift */; };
		8264AD8368237A515B1B219D /* HomeClient.swift in Sources */ = {isa = PBXBuildFile; fileRef = D671F62812BA20E0AF9CB2FA /* HomeClient.swift */; };
		85C1C1D5EA678B5643F6884B /* OpenStrudelApp.swift in Sources */ = {isa = PBXBuildFile; fileRef = 680E20C305BC52A853E797DD /* OpenStrudelApp.swift */; };
		8769E196AFD3136FF6469A32 /* DigitalOceanCloud.swift in Sources */ = {isa = PBXBuildFile; fileRef = 5CF338D2C3249DC58392487E /* DigitalOceanCloud.swift */; };
		8948A7997B267280DC592F77 /* PrivacyInfo.xcprivacy in Resources */ = {isa = PBXBuildFile; fileRef = E29C1F0D3A0FE125E35B565D /* PrivacyInfo.xcprivacy */; };
		8B0DD4E8C65EC9C02924DE59 /* DigitalOceanCloud.swift in Sources */ = {isa = PBXBuildFile; fileRef = 5CF338D2C3249DC58392487E /* DigitalOceanCloud.swift */; };
		90908463E5E449B8A6864497 /* ChatMedia.swift in Sources */ = {isa = PBXBuildFile; fileRef = 7C3D241925EF81E938247C15 /* ChatMedia.swift */; };
		954CECC367D15575AF45868F /* AppTheme.swift in Sources */ = {isa = PBXBuildFile; fileRef = E38873CBA5B37136CDD8FF91 /* AppTheme.swift */; };
		96011E8827031FF477E78A0D /* DigitalOceanBootstrap.swift in Sources */ = {isa = PBXBuildFile; fileRef = C1A041EB646E3F285D182418 /* DigitalOceanBootstrap.swift */; };
		966082403049AA4A4D03B492 /* OpenStrudelApp.swift in Sources */ = {isa = PBXBuildFile; fileRef = 680E20C305BC52A853E797DD /* OpenStrudelApp.swift */; };
		99944D193416881E7D8D727B /* DigitalOceanWebLoginTests.swift in Sources */ = {isa = PBXBuildFile; fileRef = FC5BA14427968F91FEFE9F2F /* DigitalOceanWebLoginTests.swift */; };
		99F3C8183EE6FE6B2B2A9746 /* LocalHome.swift in Sources */ = {isa = PBXBuildFile; fileRef = F96054101E4801A6BCC170C1 /* LocalHome.swift */; };
		9AEBA79A4E9D40E1EE309371 /* MessageContent.swift in Sources */ = {isa = PBXBuildFile; fileRef = C9FCFCC5FBCE6D6D6D612458 /* MessageContent.swift */; };
		A164C5DB09FEADCF6861BF35 /* SetupViews.swift in Sources */ = {isa = PBXBuildFile; fileRef = A635A0DA48A1D907252A7BCB /* SetupViews.swift */; };
		A71AEB032AAB4C5DA49D5497 /* Models.swift in Sources */ = {isa = PBXBuildFile; fileRef = F9234E96C15CA694F0A31099 /* Models.swift */; };
		A789FE50A71BA8F813390382 /* DigitalOceanCloud.swift in Sources */ = {isa = PBXBuildFile; fileRef = 5CF338D2C3249DC58392487E /* DigitalOceanCloud.swift */; };
		A79D2D5137601CAA6E565304 /* Assets.xcassets in Resources */ = {isa = PBXBuildFile; fileRef = 709BE1A9B19D0468720417CF /* Assets.xcassets */; };
		A9E99DD5DF279B319C5FCE1A /* Models.swift in Sources */ = {isa = PBXBuildFile; fileRef = F9234E96C15CA694F0A31099 /* Models.swift */; };
		AEBC06A730AF2BB81D4BA10A /* Assets.xcassets in Resources */ = {isa = PBXBuildFile; fileRef = 709BE1A9B19D0468720417CF /* Assets.xcassets */; };
		AF175297574377B16061325E /* MobileConnection.swift in Sources */ = {isa = PBXBuildFile; fileRef = 15270A8B1FADC16CBEE2AB86 /* MobileConnection.swift */; };
		B94227E897A95830CFA06A03 /* MessageContent.swift in Sources */ = {isa = PBXBuildFile; fileRef = C9FCFCC5FBCE6D6D6D612458 /* MessageContent.swift */; };
		BA4C2329101E4E5D8C2EABD1 /* AppUpdater.swift in Sources */ = {isa = PBXBuildFile; fileRef = 25538EEFA0F0470CDF4958CC /* AppUpdater.swift */; };
		C1D22A6A95D61EF3973CECE1 /* Sparkle-LICENSE.txt in Resources */ = {isa = PBXBuildFile; fileRef = 37B4BD216FB2EDE09E4E16E4 /* Sparkle-LICENSE.txt */; };
		D24C4F8AD7FB5F62D4495C35 /* ChatClockTests.swift in Sources */ = {isa = PBXBuildFile; fileRef = 6DA7A5FC9D1A46B7D5486153 /* ChatClockTests.swift */; };
		DEEDEAD2AB25008C3CCAF7D7 /* SetupViews.swift in Sources */ = {isa = PBXBuildFile; fileRef = A635A0DA48A1D907252A7BCB /* SetupViews.swift */; };
		E09E082D82D45A7D09421AB8 /* DigitalOceanBootstrap.swift in Sources */ = {isa = PBXBuildFile; fileRef = C1A041EB646E3F285D182418 /* DigitalOceanBootstrap.swift */; };
		E666DB6B98B0F9FDC670BCC0 /* MobileConnection.swift in Sources */ = {isa = PBXBuildFile; fileRef = 15270A8B1FADC16CBEE2AB86 /* MobileConnection.swift */; };
		E881BC2893184397D1A9AFE9 /* DigitalOceanBootstrap.swift in Sources */ = {isa = PBXBuildFile; fileRef = C1A041EB646E3F285D182418 /* DigitalOceanBootstrap.swift */; };
		EC2C02C1059E79D01E1D9924 /* Sparkle in Frameworks */ = {isa = PBXBuildFile; productRef = 034974DBF235D1A2CAF70200 /* Sparkle */; };
		EFD46E79E43C1763A4CF16F6 /* Views.swift in Sources */ = {isa = PBXBuildFile; fileRef = A4A12DEA162BBC10A8CA136D /* Views.swift */; };
		FC61FB4F58F351C111D601E9 /* cloud-init.sh in Resources */ = {isa = PBXBuildFile; fileRef = B9A7842329C25226D34D8B1C /* cloud-init.sh */; };
/* End PBXBuildFile section */

/* Begin PBXContainerItemProxy section */
		4E259A264AEBDE9734D4025E /* PBXContainerItemProxy */ = {
			isa = PBXContainerItemProxy;
			containerPortal = 7324C9B86738F39E1BF8CFD9 /* Project object */;
			proxyType = 1;
			remoteGlobalIDString = 8D05C4A089D4227D5AFD7F2A;
			remoteInfo = "OpenStrudel iOS";
		};
/* End PBXContainerItemProxy section */

/* Begin PBXFileReference section */
		06FEF9F7FF45A0D9EF5FFC46 /* DigitalOceanCloudTests.swift */ = {isa = PBXFileReference; lastKnownFileType = sourcecode.swift; path = DigitalOceanCloudTests.swift; sourceTree = "<group>"; };
		1132C0F7932A6440305D150A /* iPhoneSmokeTests.swift */ = {isa = PBXFileReference; lastKnownFileType = sourcecode.swift; path = iPhoneSmokeTests.swift; sourceTree = "<group>"; };
		15270A8B1FADC16CBEE2AB86 /* MobileConnection.swift */ = {isa = PBXFileReference; lastKnownFileType = sourcecode.swift; path = MobileConnection.swift; sourceTree = "<group>"; };
		25538EEFA0F0470CDF4958CC /* AppUpdater.swift */ = {isa = PBXFileReference; lastKnownFileType = sourcecode.swift; path = AppUpdater.swift; sourceTree = "<group>"; };
		269C829F112500B5E34127F7 /* ReleaseScenariosUITests.swift */ = {isa = PBXFileReference; lastKnownFileType = sourcecode.swift; path = ReleaseScenariosUITests.swift; sourceTree = "<group>"; };
		37B4BD216FB2EDE09E4E16E4 /* Sparkle-LICENSE.txt */ = {isa = PBXFileReference; lastKnownFileType = text; path = "Sparkle-LICENSE.txt"; sourceTree = "<group>"; };
		3D8AC19EC197C2FC60EBEB3D /* MobilePairingTests.swift */ = {isa = PBXFileReference; lastKnownFileType = sourcecode.swift; path = MobilePairingTests.swift; sourceTree = "<group>"; };
		41969DD182FE17F98BBEEE17 /* MobileConnectionViews.swift */ = {isa = PBXFileReference; lastKnownFileType = sourcecode.swift; path = MobileConnectionViews.swift; sourceTree = "<group>"; };
		4DDBDB4821F4175BB293C35F /* MobilePairingUITests.swift */ = {isa = PBXFileReference; lastKnownFileType = sourcecode.swift; path = MobilePairingUITests.swift; sourceTree = "<group>"; };
		58B7111F287B0C5661239DEB /* MessageContentTests.swift */ = {isa = PBXFileReference; lastKnownFileType = sourcecode.swift; path = MessageContentTests.swift; sourceTree = "<group>"; };
		5CF338D2C3249DC58392487E /* DigitalOceanCloud.swift */ = {isa = PBXFileReference; lastKnownFileType = sourcecode.swift; path = DigitalOceanCloud.swift; sourceTree = "<group>"; };
		63F40AD948917E9AE1685058 /* StorePreviewUITests.swift */ = {isa = PBXFileReference; lastKnownFileType = sourcecode.swift; path = StorePreviewUITests.swift; sourceTree = "<group>"; };
		680E20C305BC52A853E797DD /* OpenStrudelApp.swift */ = {isa = PBXFileReference; lastKnownFileType = sourcecode.swift; path = OpenStrudelApp.swift; sourceTree = "<group>"; };
		6DA7A5FC9D1A46B7D5486153 /* ChatClockTests.swift */ = {isa = PBXFileReference; lastKnownFileType = sourcecode.swift; path = ChatClockTests.swift; sourceTree = "<group>"; };
		701970C42730428CE9DABD8A /* OpenStrudel macOS.app */ = {isa = PBXFileReference; explicitFileType = wrapper.application; includeInIndex = 0; path = "OpenStrudel macOS.app"; sourceTree = BUILT_PRODUCTS_DIR; };
		709BE1A9B19D0468720417CF /* Assets.xcassets */ = {isa = PBXFileReference; lastKnownFileType = folder.assetcatalog; path = Assets.xcassets; sourceTree = "<group>"; };
		7C3D241925EF81E938247C15 /* ChatMedia.swift */ = {isa = PBXFileReference; lastKnownFileType = sourcecode.swift; path = ChatMedia.swift; sourceTree = "<group>"; };
		8C5697D28D27A1636C95E5E2 /* OpenStrudel Text Tests.xctest */ = {isa = PBXFileReference; explicitFileType = wrapper.cfbundle; includeInIndex = 0; path = "OpenStrudel Text Tests.xctest"; sourceTree = BUILT_PRODUCTS_DIR; };
		98BB832A7436E9C4AD93FB56 /* OpenStrudel iOS.app */ = {isa = PBXFileReference; includeInIndex = 0; lastKnownFileType = wrapper.application; path = "OpenStrudel iOS.app"; sourceTree = BUILT_PRODUCTS_DIR; };
		A4A12DEA162BBC10A8CA136D /* Views.swift */ = {isa = PBXFileReference; lastKnownFileType = sourcecode.swift; path = Views.swift; sourceTree = "<group>"; };
		A635A0DA48A1D907252A7BCB /* SetupViews.swift */ = {isa = PBXFileReference; lastKnownFileType = sourcecode.swift; path = SetupViews.swift; sourceTree = "<group>"; };
		B9A7842329C25226D34D8B1C /* cloud-init.sh */ = {isa = PBXFileReference; lastKnownFileType = text.script.sh; path = "cloud-init.sh"; sourceTree = "<group>"; };
		C1A041EB646E3F285D182418 /* DigitalOceanBootstrap.swift */ = {isa = PBXFileReference; lastKnownFileType = sourcecode.swift; path = DigitalOceanBootstrap.swift; sourceTree = "<group>"; };
		C9FCFCC5FBCE6D6D6D612458 /* MessageContent.swift */ = {isa = PBXFileReference; lastKnownFileType = sourcecode.swift; path = MessageContent.swift; sourceTree = "<group>"; };
		D671F62812BA20E0AF9CB2FA /* HomeClient.swift */ = {isa = PBXFileReference; lastKnownFileType = sourcecode.swift; path = HomeClient.swift; sourceTree = "<group>"; };
		E29C1F0D3A0FE125E35B565D /* PrivacyInfo.xcprivacy */ = {isa = PBXFileReference; path = PrivacyInfo.xcprivacy; sourceTree = "<group>"; };
		E38873CBA5B37136CDD8FF91 /* AppTheme.swift */ = {isa = PBXFileReference; lastKnownFileType = sourcecode.swift; path = AppTheme.swift; sourceTree = "<group>"; };
		F852C55F4C0DB4D5D58D578F /* OpenStrudel iOS UI Tests.xctest */ = {isa = PBXFileReference; includeInIndex = 0; lastKnownFileType = wrapper.cfbundle; path = "OpenStrudel iOS UI Tests.xctest"; sourceTree = BUILT_PRODUCTS_DIR; };
		F9234E96C15CA694F0A31099 /* Models.swift */ = {isa = PBXFileReference; lastKnownFileType = sourcecode.swift; path = Models.swift; sourceTree = "<group>"; };
		F96054101E4801A6BCC170C1 /* LocalHome.swift */ = {isa = PBXFileReference; lastKnownFileType = sourcecode.swift; path = LocalHome.swift; sourceTree = "<group>"; };
		FC5BA14427968F91FEFE9F2F /* DigitalOceanWebLoginTests.swift */ = {isa = PBXFileReference; lastKnownFileType = sourcecode.swift; path = DigitalOceanWebLoginTests.swift; sourceTree = "<group>"; };
/* End PBXFileReference section */

/* Begin PBXFrameworksBuildPhase section */
		594139C33FDD0ED69545B120 /* Frameworks */ = {
			isa = PBXFrameworksBuildPhase;
			buildActionMask = 2147483647;
			files = (
				EC2C02C1059E79D01E1D9924 /* Sparkle in Frameworks */,
			);
			runOnlyForDeploymentPostprocessing = 0;
		};
/* End PBXFrameworksBuildPhase section */

/* Begin PBXGroup section */
		02AB75132E50BEA37746ADF2 /* Products */ = {
			isa = PBXGroup;
			children = (
				F852C55F4C0DB4D5D58D578F /* OpenStrudel iOS UI Tests.xctest */,
				98BB832A7436E9C4AD93FB56 /* OpenStrudel iOS.app */,
				701970C42730428CE9DABD8A /* OpenStrudel macOS.app */,
				8C5697D28D27A1636C95E5E2 /* OpenStrudel Text Tests.xctest */,
			);
			name = Products;
			sourceTree = "<group>";
		};
		29E00286E47652BF27B34BFC /* Resources */ = {
			isa = PBXGroup;
			children = (
				37B4BD216FB2EDE09E4E16E4 /* Sparkle-LICENSE.txt */,
			);
			path = Resources;
			sourceTree = "<group>";
		};
		2C1B064E52E9C728955B5E56 /* Sources */ = {
			isa = PBXGroup;
			children = (
				E38873CBA5B37136CDD8FF91 /* AppTheme.swift */,
				25538EEFA0F0470CDF4958CC /* AppUpdater.swift */,
				7C3D241925EF81E938247C15 /* ChatMedia.swift */,
				C1A041EB646E3F285D182418 /* DigitalOceanBootstrap.swift */,
				5CF338D2C3249DC58392487E /* DigitalOceanCloud.swift */,
				D671F62812BA20E0AF9CB2FA /* HomeClient.swift */,
				F96054101E4801A6BCC170C1 /* LocalHome.swift */,
				C9FCFCC5FBCE6D6D6D612458 /* MessageContent.swift */,
				15270A8B1FADC16CBEE2AB86 /* MobileConnection.swift */,
				41969DD182FE17F98BBEEE17 /* MobileConnectionViews.swift */,
				F9234E96C15CA694F0A31099 /* Models.swift */,
				680E20C305BC52A853E797DD /* OpenStrudelApp.swift */,
				E29C1F0D3A0FE125E35B565D /* PrivacyInfo.xcprivacy */,
				A635A0DA48A1D907252A7BCB /* SetupViews.swift */,
				A4A12DEA162BBC10A8CA136D /* Views.swift */,
			);
			path = Sources;
			sourceTree = "<group>";
		};
		546851BDDD0611547A254A69 /* UITests */ = {
			isa = PBXGroup;
			children = (
				1132C0F7932A6440305D150A /* iPhoneSmokeTests.swift */,
				4DDBDB4821F4175BB293C35F /* MobilePairingUITests.swift */,
				269C829F112500B5E34127F7 /* ReleaseScenariosUITests.swift */,
				63F40AD948917E9AE1685058 /* StorePreviewUITests.swift */,
			);
			path = UITests;
			sourceTree = "<group>";
		};
		9332B7FCD8BAD85E05291826 /* Tests */ = {
			isa = PBXGroup;
			children = (
				6DA7A5FC9D1A46B7D5486153 /* ChatClockTests.swift */,
				06FEF9F7FF45A0D9EF5FFC46 /* DigitalOceanCloudTests.swift */,
				FC5BA14427968F91FEFE9F2F /* DigitalOceanWebLoginTests.swift */,
				58B7111F287B0C5661239DEB /* MessageContentTests.swift */,
				3D8AC19EC197C2FC60EBEB3D /* MobilePairingTests.swift */,
			);
			path = Tests;
			sourceTree = "<group>";
		};
		D0FBB4C713A965B14D031306 /* openmagic */ = {
			isa = PBXGroup;
			children = (
				DE8D5727C568F73772686335 /* scripts */,
			);
			name = openmagic;
			path = ../..;
			sourceTree = "<group>";
		};
		D36F1D4A4647B04498C8FA96 = {
			isa = PBXGroup;
			children = (
				709BE1A9B19D0468720417CF /* Assets.xcassets */,
				D0FBB4C713A965B14D031306 /* openmagic */,
				29E00286E47652BF27B34BFC /* Resources */,
				2C1B064E52E9C728955B5E56 /* Sources */,
				9332B7FCD8BAD85E05291826 /* Tests */,
				546851BDDD0611547A254A69 /* UITests */,
				02AB75132E50BEA37746ADF2 /* Products */,
			);
			sourceTree = "<group>";
		};
		DE8D5727C568F73772686335 /* scripts */ = {
			isa = PBXGroup;
			children = (
				B9A7842329C25226D34D8B1C /* cloud-init.sh */,
			);
			path = scripts;
			sourceTree = "<group>";
		};
/* End PBXGroup section */

/* Begin PBXNativeTarget section */
		3FF43725BBFB2459704B7DC5 /* OpenStrudel Text Tests */ = {
			isa = PBXNativeTarget;
			buildConfigurationList = 844BD3E688EE1D3B081DAE77 /* Build configuration list for PBXNativeTarget "OpenStrudel Text Tests" */;
			buildPhases = (
				077DAE2E968437B4E4D2D0DD /* Sources */,
				C1E96E288D0CF4DD8A084F1E /* Resources */,
			);
			buildRules = (
			);
			dependencies = (
			);
			name = "OpenStrudel Text Tests";
			packageProductDependencies = (
			);
			productName = "OpenStrudel Text Tests";
			productReference = 8C5697D28D27A1636C95E5E2 /* OpenStrudel Text Tests.xctest */;
			productType = "com.apple.product-type.bundle.unit-test";
		};
		8D05C4A089D4227D5AFD7F2A /* OpenStrudel iOS */ = {
			isa = PBXNativeTarget;
			buildConfigurationList = AF340C1D56255140B7C8FCC3 /* Build configuration list for PBXNativeTarget "OpenStrudel iOS" */;
			buildPhases = (
				78E1536CA0F6985CB8B2876F /* Sources */,
				F068E0FB7E99A8D7893A99DC /* Resources */,
			);
			buildRules = (
			);
			dependencies = (
			);
			name = "OpenStrudel iOS";
			packageProductDependencies = (
			);
			productName = "OpenStrudel iOS";
			productReference = 98BB832A7436E9C4AD93FB56 /* OpenStrudel iOS.app */;
			productType = "com.apple.product-type.application";
		};
		A8B04797DF061E60420CF7E4 /* OpenStrudel macOS */ = {
			isa = PBXNativeTarget;
			buildConfigurationList = CD9E88DD2CEE637B8553BDCB /* Build configuration list for PBXNativeTarget "OpenStrudel macOS" */;
			buildPhases = (
				3F636A503959E370A65037CE /* Sources */,
				1B970B537B5E5D2C1EB24723 /* Resources */,
				594139C33FDD0ED69545B120 /* Frameworks */,
			);
			buildRules = (
			);
			dependencies = (
			);
			name = "OpenStrudel macOS";
			packageProductDependencies = (
				034974DBF235D1A2CAF70200 /* Sparkle */,
			);
			productName = "OpenStrudel macOS";
			productReference = 701970C42730428CE9DABD8A /* OpenStrudel macOS.app */;
			productType = "com.apple.product-type.application";
		};
		CA035F322492DCDA9458DF29 /* OpenStrudel iOS UI Tests */ = {
			isa = PBXNativeTarget;
			buildConfigurationList = 5BAB7CD3F53A1947E48CF341 /* Build configuration list for PBXNativeTarget "OpenStrudel iOS UI Tests" */;
			buildPhases = (
				94BA2FAF3B6AC0BE2518E5B2 /* Sources */,
			);
			buildRules = (
			);
			dependencies = (
				B2CE2209E69874F419D457BA /* PBXTargetDependency */,
			);
			name = "OpenStrudel iOS UI Tests";
			packageProductDependencies = (
			);
			productName = "OpenStrudel iOS UI Tests";
			productReference = F852C55F4C0DB4D5D58D578F /* OpenStrudel iOS UI Tests.xctest */;
			productType = "com.apple.product-type.bundle.ui-testing";
		};
/* End PBXNativeTarget section */

/* Begin PBXProject section */
		7324C9B86738F39E1BF8CFD9 /* Project object */ = {
			isa = PBXProject;
			attributes = {
				BuildIndependentTargetsInParallel = YES;
				LastUpgradeCheck = 1430;
				TargetAttributes = {
					3FF43725BBFB2459704B7DC5 = {
						DevelopmentTeam = R4A779QVVY;
					};
					8D05C4A089D4227D5AFD7F2A = {
						DevelopmentTeam = R4A779QVVY;
						ProvisioningStyle = Manual;
					};
					A8B04797DF061E60420CF7E4 = {
						DevelopmentTeam = R4A779QVVY;
					};
					CA035F322492DCDA9458DF29 = {
						DevelopmentTeam = R4A779QVVY;
						ProvisioningStyle = Automatic;
						TestTargetID = 8D05C4A089D4227D5AFD7F2A;
					};
				};
			};
			buildConfigurationList = EB6418B146F9EE8B07311678 /* Build configuration list for PBXProject "OpenStrudel" */;
			compatibilityVersion = "Xcode 14.0";
			developmentRegion = ru;
			hasScannedForEncodings = 0;
			knownRegions = (
				Base,
				ru,
			);
			mainGroup = D36F1D4A4647B04498C8FA96;
			minimizedProjectReferenceProxies = 1;
			packageReferences = (
				3EB9911774FE23671D5DC051 /* XCRemoteSwiftPackageReference "Sparkle" */,
			);
			preferredProjectObjectVersion = 77;
			projectDirPath = "";
			projectRoot = "";
			targets = (
				3FF43725BBFB2459704B7DC5 /* OpenStrudel Text Tests */,
				8D05C4A089D4227D5AFD7F2A /* OpenStrudel iOS */,
				CA035F322492DCDA9458DF29 /* OpenStrudel iOS UI Tests */,
				A8B04797DF061E60420CF7E4 /* OpenStrudel macOS */,
			);
		};
/* End PBXProject section */

/* Begin PBXResourcesBuildPhase section */
		1B970B537B5E5D2C1EB24723 /* Resources */ = {
			isa = PBXResourcesBuildPhase;
			buildActionMask = 2147483647;
			files = (
				AEBC06A730AF2BB81D4BA10A /* Assets.xcassets in Resources */,
				8948A7997B267280DC592F77 /* PrivacyInfo.xcprivacy in Resources */,
				C1D22A6A95D61EF3973CECE1 /* Sparkle-LICENSE.txt in Resources */,
				6117E204130547257A2588AE /* cloud-init.sh in Resources */,
			);
			runOnlyForDeploymentPostprocessing = 0;
		};
		C1E96E288D0CF4DD8A084F1E /* Resources */ = {
			isa = PBXResourcesBuildPhase;
			buildActionMask = 2147483647;
			files = (
				1109A0AEE1C8475E2E3181A3 /* cloud-init.sh in Resources */,
			);
			runOnlyForDeploymentPostprocessing = 0;
		};
		F068E0FB7E99A8D7893A99DC /* Resources */ = {
			isa = PBXResourcesBuildPhase;
			buildActionMask = 2147483647;
			files = (
				A79D2D5137601CAA6E565304 /* Assets.xcassets in Resources */,
				64365D840FC1C3F656F9447B /* PrivacyInfo.xcprivacy in Resources */,
				FC61FB4F58F351C111D601E9 /* cloud-init.sh in Resources */,
			);
			runOnlyForDeploymentPostprocessing = 0;
		};
/* End PBXResourcesBuildPhase section */

/* Begin PBXSourcesBuildPhase section */
		077DAE2E968437B4E4D2D0DD /* Sources */ = {
			isa = PBXSourcesBuildPhase;
			buildActionMask = 2147483647;
			files = (
				954CECC367D15575AF45868F /* AppTheme.swift in Sources */,
				D24C4F8AD7FB5F62D4495C35 /* ChatClockTests.swift in Sources */,
				90908463E5E449B8A6864497 /* ChatMedia.swift in Sources */,
				E881BC2893184397D1A9AFE9 /* DigitalOceanBootstrap.swift in Sources */,
				8B0DD4E8C65EC9C02924DE59 /* DigitalOceanCloud.swift in Sources */,
				5B679607856CC1AB98F6A104 /* DigitalOceanCloudTests.swift in Sources */,
				99944D193416881E7D8D727B /* DigitalOceanWebLoginTests.swift in Sources */,
				4E6B82BD6C972AB6EE32CAFE /* MessageContent.swift in Sources */,
				80A890128CCD16FCD6ECE3AD /* MessageContentTests.swift in Sources */,
				E666DB6B98B0F9FDC670BCC0 /* MobileConnection.swift in Sources */,
				066029DEC026A68A1379F314 /* MobilePairingTests.swift in Sources */,
				A9E99DD5DF279B319C5FCE1A /* Models.swift in Sources */,
			);
			runOnlyForDeploymentPostprocessing = 0;
		};
		3F636A503959E370A65037CE /* Sources */ = {
			isa = PBXSourcesBuildPhase;
			buildActionMask = 2147483647;
			files = (
				2061E90D9AC95D39DAAA06E8 /* AppTheme.swift in Sources */,
				523AFBBC3F4EB9C2769483F3 /* AppUpdater.swift in Sources */,
				5785006166AD53761DA29454 /* ChatMedia.swift in Sources */,
				96011E8827031FF477E78A0D /* DigitalOceanBootstrap.swift in Sources */,
				A789FE50A71BA8F813390382 /* DigitalOceanCloud.swift in Sources */,
				8264AD8368237A515B1B219D /* HomeClient.swift in Sources */,
				99F3C8183EE6FE6B2B2A9746 /* LocalHome.swift in Sources */,
				B94227E897A95830CFA06A03 /* MessageContent.swift in Sources */,
				4DB4F5AB41099807895716B3 /* MobileConnection.swift in Sources */,
				1B7D1573EF6D0D4B9743DC03 /* MobileConnectionViews.swift in Sources */,
				A71AEB032AAB4C5DA49D5497 /* Models.swift in Sources */,
				85C1C1D5EA678B5643F6884B /* OpenStrudelApp.swift in Sources */,
				DEEDEAD2AB25008C3CCAF7D7 /* SetupViews.swift in Sources */,
				3A4F31F9396C14C867C86558 /* Views.swift in Sources */,
			);
			runOnlyForDeploymentPostprocessing = 0;
		};
		78E1536CA0F6985CB8B2876F /* Sources */ = {
			isa = PBXSourcesBuildPhase;
			buildActionMask = 2147483647;
			files = (
				2F84019800922A922C82B1CE /* AppTheme.swift in Sources */,
				BA4C2329101E4E5D8C2EABD1 /* AppUpdater.swift in Sources */,
				38670454174D5126BB5A84D1 /* ChatMedia.swift in Sources */,
				E09E082D82D45A7D09421AB8 /* DigitalOceanBootstrap.swift in Sources */,
				8769E196AFD3136FF6469A32 /* DigitalOceanCloud.swift in Sources */,
				714657174DCE32C3AD9148AE /* HomeClient.swift in Sources */,
				6233DE5478EEF12B4815FD6E /* LocalHome.swift in Sources */,
				9AEBA79A4E9D40E1EE309371 /* MessageContent.swift in Sources */,
				AF175297574377B16061325E /* MobileConnection.swift in Sources */,
				528728D21AA6033C7D7F276D /* MobileConnectionViews.swift in Sources */,
				5E16737811633861DD72192E /* Models.swift in Sources */,
				966082403049AA4A4D03B492 /* OpenStrudelApp.swift in Sources */,
				A164C5DB09FEADCF6861BF35 /* SetupViews.swift in Sources */,
				EFD46E79E43C1763A4CF16F6 /* Views.swift in Sources */,
			);
			runOnlyForDeploymentPostprocessing = 0;
		};
		94BA2FAF3B6AC0BE2518E5B2 /* Sources */ = {
			isa = PBXSourcesBuildPhase;
			buildActionMask = 2147483647;
			files = (
				5E17805965A351ABB7620CF2 /* MobilePairingUITests.swift in Sources */,
				396D0DCDA42F07B7B6AD8CDA /* ReleaseScenariosUITests.swift in Sources */,
				63497E44A5FAA3B8E94C0FF6 /* StorePreviewUITests.swift in Sources */,
				2D09788DED8F1C5EDE458BE2 /* iPhoneSmokeTests.swift in Sources */,
			);
			runOnlyForDeploymentPostprocessing = 0;
		};
/* End PBXSourcesBuildPhase section */

/* Begin PBXTargetDependency section */
		B2CE2209E69874F419D457BA /* PBXTargetDependency */ = {
			isa = PBXTargetDependency;
			target = 8D05C4A089D4227D5AFD7F2A /* OpenStrudel iOS */;
			targetProxy = 4E259A264AEBDE9734D4025E /* PBXContainerItemProxy */;
		};
/* End PBXTargetDependency section */

/* Begin XCBuildConfiguration section */
		044D0589F9624BEF205B27A0 /* Release */ = {
			isa = XCBuildConfiguration;
			buildSettings = {
				ASSETCATALOG_COMPILER_APPICON_NAME = iOSAppIcon;
				CODE_SIGN_ENTITLEMENTS = iOS.entitlements;
				CODE_SIGN_IDENTITY = "Apple Development";
				CODE_SIGN_STYLE = Manual;
				INFOPLIST_FILE = "iOS-Info.plist";
				INFOPLIST_KEY_CFBundleDisplayName = OpenStrudel;
				INFOPLIST_KEY_LSApplicationCategoryType = "public.app-category.productivity";
				LD_RUNPATH_SEARCH_PATHS = (
					"$(inherited)",
					"@executable_path/Frameworks",
				);
				PRODUCT_BUNDLE_IDENTIFIER = is.openstrudel.ios;
				PROVISIONING_PROFILE_SPECIFIER = "OpenStrudel Development";
				SDKROOT = iphoneos;
				SUPPORTS_MACCATALYST = NO;
				TARGETED_DEVICE_FAMILY = "1,2";
			};
			name = Release;
		};
		0AC4D92CDCA84AD886971662 /* Release */ = {
			isa = XCBuildConfiguration;
			buildSettings = {
				BUNDLE_LOADER = "$(TEST_HOST)";
				CODE_SIGN_STYLE = Automatic;
				GENERATE_INFOPLIST_FILE = YES;
				LD_RUNPATH_SEARCH_PATHS = (
					"$(inherited)",
					"@executable_path/Frameworks",
					"@loader_path/Frameworks",
				);
				PRODUCT_BUNDLE_IDENTIFIER = is.openstrudel.ios.uitests;
				SDKROOT = iphoneos;
				TARGETED_DEVICE_FAMILY = "1,2";
				TEST_TARGET_NAME = "OpenStrudel iOS";
			};
			name = Release;
		};
		130559DE245E778181012153 /* Debug */ = {
			isa = XCBuildConfiguration;
			buildSettings = {
				ASSETCATALOG_COMPILER_APPICON_NAME = iOSAppIcon;
				CODE_SIGN_ENTITLEMENTS = iOS.entitlements;
				CODE_SIGN_IDENTITY = "Apple Development";
				CODE_SIGN_STYLE = Manual;
				INFOPLIST_FILE = "iOS-Info.plist";
				INFOPLIST_KEY_CFBundleDisplayName = OpenStrudel;
				INFOPLIST_KEY_LSApplicationCategoryType = "public.app-category.productivity";
				LD_RUNPATH_SEARCH_PATHS = (
					"$(inherited)",
					"@executable_path/Frameworks",
				);
				PRODUCT_BUNDLE_IDENTIFIER = is.openstrudel.ios;
				PROVISIONING_PROFILE_SPECIFIER = "OpenStrudel Development";
				SDKROOT = iphoneos;
				SUPPORTS_MACCATALYST = NO;
				TARGETED_DEVICE_FAMILY = "1,2";
			};
			name = Debug;
		};
		17E4A96A958D58CA81BCF8B3 /* Release */ = {
			isa = XCBuildConfiguration;
			buildSettings = {
				BUNDLE_LOADER = "$(TEST_HOST)";
				COMBINE_HIDPI_IMAGES = YES;
				GENERATE_INFOPLIST_FILE = YES;
				LD_RUNPATH_SEARCH_PATHS = (
					"$(inherited)",
					"@executable_path/../Frameworks",
					"@loader_path/../Frameworks",
				);
				PRODUCT_BUNDLE_IDENTIFIER = "is.openstrudel.text-tests";
				SDKROOT = macosx;
			};
			name = Release;
		};
		1A5B5159ED92748B19C9CE8A /* Debug */ = {
			isa = XCBuildConfiguration;
			buildSettings = {
				BUNDLE_LOADER = "$(TEST_HOST)";
				CODE_SIGN_STYLE = Automatic;
				GENERATE_INFOPLIST_FILE = YES;
				LD_RUNPATH_SEARCH_PATHS = (
					"$(inherited)",
					"@executable_path/Frameworks",
					"@loader_path/Frameworks",
				);
				PRODUCT_BUNDLE_IDENTIFIER = is.openstrudel.ios.uitests;
				SDKROOT = iphoneos;
				TARGETED_DEVICE_FAMILY = "1,2";
				TEST_TARGET_NAME = "OpenStrudel iOS";
			};
			name = Debug;
		};
		793EF8CB16F6FC7583AA23FB /* Debug */ = {
			isa = XCBuildConfiguration;
			buildSettings = {
				BUNDLE_LOADER = "$(TEST_HOST)";
				COMBINE_HIDPI_IMAGES = YES;
				GENERATE_INFOPLIST_FILE = YES;
				LD_RUNPATH_SEARCH_PATHS = (
					"$(inherited)",
					"@executable_path/../Frameworks",
					"@loader_path/../Frameworks",
				);
				PRODUCT_BUNDLE_IDENTIFIER = "is.openstrudel.text-tests";
				SDKROOT = macosx;
			};
			name = Debug;
		};
		8A6C5487B0712EDAA7872082 /* Release */ = {
			isa = XCBuildConfiguration;
			buildSettings = {
				ALWAYS_SEARCH_USER_PATHS = NO;
				ASSETCATALOG_COMPILER_GLOBAL_ACCENT_COLOR_NAME = AccentColor;
				CLANG_ANALYZER_NONNULL = YES;
				CLANG_ANALYZER_NUMBER_OBJECT_CONVERSION = YES_AGGRESSIVE;
				CLANG_CXX_LANGUAGE_STANDARD = "gnu++14";
				CLANG_CXX_LIBRARY = "libc++";
				CLANG_ENABLE_MODULES = YES;
				CLANG_ENABLE_OBJC_ARC = YES;
				CLANG_ENABLE_OBJC_WEAK = YES;
				CLANG_WARN_BLOCK_CAPTURE_AUTORELEASING = YES;
				CLANG_WARN_BOOL_CONVERSION = YES;
				CLANG_WARN_COMMA = YES;
				CLANG_WARN_CONSTANT_CONVERSION = YES;
				CLANG_WARN_DEPRECATED_OBJC_IMPLEMENTATIONS = YES;
				CLANG_WARN_DIRECT_OBJC_ISA_USAGE = YES_ERROR;
				CLANG_WARN_DOCUMENTATION_COMMENTS = YES;
				CLANG_WARN_EMPTY_BODY = YES;
				CLANG_WARN_ENUM_CONVERSION = YES;
				CLANG_WARN_INFINITE_RECURSION = YES;
				CLANG_WARN_INT_CONVERSION = YES;
				CLANG_WARN_NON_LITERAL_NULL_CONVERSION = YES;
				CLANG_WARN_OBJC_IMPLICIT_RETAIN_SELF = YES;
				CLANG_WARN_OBJC_LITERAL_CONVERSION = YES;
				CLANG_WARN_OBJC_ROOT_CLASS = YES_ERROR;
				CLANG_WARN_QUOTED_INCLUDE_IN_FRAMEWORK_HEADER = YES;
				CLANG_WARN_RANGE_LOOP_ANALYSIS = YES;
				CLANG_WARN_STRICT_PROTOTYPES = YES;
				CLANG_WARN_SUSPICIOUS_MOVE = YES;
				CLANG_WARN_UNGUARDED_AVAILABILITY = YES_AGGRESSIVE;
				CLANG_WARN_UNREACHABLE_CODE = YES;
				CLANG_WARN__DUPLICATE_METHOD_MATCH = YES;
				COPY_PHASE_STRIP = NO;
				CURRENT_PROJECT_VERSION = 7;
				DEBUG_INFORMATION_FORMAT = "dwarf-with-dsym";
				DEVELOPMENT_TEAM = R4A779QVVY;
				ENABLE_NS_ASSERTIONS = NO;
				ENABLE_STRICT_OBJC_MSGSEND = YES;
				GCC_C_LANGUAGE_STANDARD = gnu11;
				GCC_NO_COMMON_BLOCKS = YES;
				GCC_WARN_64_TO_32_BIT_CONVERSION = YES;
				GCC_WARN_ABOUT_RETURN_TYPE = YES_ERROR;
				GCC_WARN_UNDECLARED_SELECTOR = YES;
				GCC_WARN_UNINITIALIZED_AUTOS = YES_AGGRESSIVE;
				GCC_WARN_UNUSED_FUNCTION = YES;
				GCC_WARN_UNUSED_VARIABLE = YES;
				IPHONEOS_DEPLOYMENT_TARGET = 26.0;
				MACOSX_DEPLOYMENT_TARGET = 26.0;
				MARKETING_VERSION = 1.0;
				MTL_ENABLE_DEBUG_INFO = NO;
				MTL_FAST_MATH = YES;
				PRODUCT_NAME = "$(TARGET_NAME)";
				SWIFT_COMPILATION_MODE = wholemodule;
				SWIFT_OPTIMIZATION_LEVEL = "-O";
				SWIFT_VERSION = 6.0;
			};
			name = Release;
		};
		8DB482309BE6592F2B6878DD /* Debug */ = {
			isa = XCBuildConfiguration;
			buildSettings = {
				ASSETCATALOG_COMPILER_APPICON_NAME = AppIcon;
				COMBINE_HIDPI_IMAGES = YES;
				GENERATE_INFOPLIST_FILE = YES;
				INFOPLIST_FILE = "macOS-Info.plist";
				INFOPLIST_KEY_CFBundleDisplayName = OpenStrudel;
				INFOPLIST_KEY_LSApplicationCategoryType = "public.app-category.productivity";
				LD_RUNPATH_SEARCH_PATHS = (
					"$(inherited)",
					"@executable_path/../Frameworks",
				);
				PRODUCT_BUNDLE_IDENTIFIER = is.openstrudel.mac;
				PRODUCT_NAME = OpenStrudel;
				SDKROOT = macosx;
			};
			name = Debug;
		};
		A73965FE8106C357974CE1CE /* Release */ = {
			isa = XCBuildConfiguration;
			buildSettings = {
				ASSETCATALOG_COMPILER_APPICON_NAME = AppIcon;
				COMBINE_HIDPI_IMAGES = YES;
				GENERATE_INFOPLIST_FILE = YES;
				INFOPLIST_FILE = "macOS-Info.plist";
				INFOPLIST_KEY_CFBundleDisplayName = OpenStrudel;
				INFOPLIST_KEY_LSApplicationCategoryType = "public.app-category.productivity";
				LD_RUNPATH_SEARCH_PATHS = (
					"$(inherited)",
					"@executable_path/../Frameworks",
				);
				PRODUCT_BUNDLE_IDENTIFIER = is.openstrudel.mac;
				PRODUCT_NAME = OpenStrudel;
				SDKROOT = macosx;
			};
			name = Release;
		};
		B2B08EA9855BDC3B369233C7 /* Debug */ = {
			isa = XCBuildConfiguration;
			buildSettings = {
				ALWAYS_SEARCH_USER_PATHS = NO;
				ASSETCATALOG_COMPILER_GLOBAL_ACCENT_COLOR_NAME = AccentColor;
				CLANG_ANALYZER_NONNULL = YES;
				CLANG_ANALYZER_NUMBER_OBJECT_CONVERSION = YES_AGGRESSIVE;
				CLANG_CXX_LANGUAGE_STANDARD = "gnu++14";
				CLANG_CXX_LIBRARY = "libc++";
				CLANG_ENABLE_MODULES = YES;
				CLANG_ENABLE_OBJC_ARC = YES;
				CLANG_ENABLE_OBJC_WEAK = YES;
				CLANG_WARN_BLOCK_CAPTURE_AUTORELEASING = YES;
				CLANG_WARN_BOOL_CONVERSION = YES;
				CLANG_WARN_COMMA = YES;
				CLANG_WARN_CONSTANT_CONVERSION = YES;
				CLANG_WARN_DEPRECATED_OBJC_IMPLEMENTATIONS = YES;
				CLANG_WARN_DIRECT_OBJC_ISA_USAGE = YES_ERROR;
				CLANG_WARN_DOCUMENTATION_COMMENTS = YES;
				CLANG_WARN_EMPTY_BODY = YES;
				CLANG_WARN_ENUM_CONVERSION = YES;
				CLANG_WARN_INFINITE_RECURSION = YES;
				CLANG_WARN_INT_CONVERSION = YES;
				CLANG_WARN_NON_LITERAL_NULL_CONVERSION = YES;
				CLANG_WARN_OBJC_IMPLICIT_RETAIN_SELF = YES;
				CLANG_WARN_OBJC_LITERAL_CONVERSION = YES;
				CLANG_WARN_OBJC_ROOT_CLASS = YES_ERROR;
				CLANG_WARN_QUOTED_INCLUDE_IN_FRAMEWORK_HEADER = YES;
				CLANG_WARN_RANGE_LOOP_ANALYSIS = YES;
				CLANG_WARN_STRICT_PROTOTYPES = YES;
				CLANG_WARN_SUSPICIOUS_MOVE = YES;
				CLANG_WARN_UNGUARDED_AVAILABILITY = YES_AGGRESSIVE;
				CLANG_WARN_UNREACHABLE_CODE = YES;
				CLANG_WARN__DUPLICATE_METHOD_MATCH = YES;
				COPY_PHASE_STRIP = NO;
				CURRENT_PROJECT_VERSION = 7;
				DEBUG_INFORMATION_FORMAT = dwarf;
				DEVELOPMENT_TEAM = R4A779QVVY;
				ENABLE_STRICT_OBJC_MSGSEND = YES;
				ENABLE_TESTABILITY = YES;
				GCC_C_LANGUAGE_STANDARD = gnu11;
				GCC_DYNAMIC_NO_PIC = NO;
				GCC_NO_COMMON_BLOCKS = YES;
				GCC_OPTIMIZATION_LEVEL = 0;
				GCC_PREPROCESSOR_DEFINITIONS = (
					"$(inherited)",
					"DEBUG=1",
				);
				GCC_WARN_64_TO_32_BIT_CONVERSION = YES;
				GCC_WARN_ABOUT_RETURN_TYPE = YES_ERROR;
				GCC_WARN_UNDECLARED_SELECTOR = YES;
				GCC_WARN_UNINITIALIZED_AUTOS = YES_AGGRESSIVE;
				GCC_WARN_UNUSED_FUNCTION = YES;
				GCC_WARN_UNUSED_VARIABLE = YES;
				IPHONEOS_DEPLOYMENT_TARGET = 26.0;
				MACOSX_DEPLOYMENT_TARGET = 26.0;
				MARKETING_VERSION = 1.0;
				MTL_ENABLE_DEBUG_INFO = INCLUDE_SOURCE;
				MTL_FAST_MATH = YES;
				ONLY_ACTIVE_ARCH = YES;
				PRODUCT_NAME = "$(TARGET_NAME)";
				SWIFT_ACTIVE_COMPILATION_CONDITIONS = DEBUG;
				SWIFT_OPTIMIZATION_LEVEL = "-Onone";
				SWIFT_VERSION = 6.0;
			};
			name = Debug;
		};
/* End XCBuildConfiguration section */

/* Begin XCConfigurationList section */
		5BAB7CD3F53A1947E48CF341 /* Build configuration list for PBXNativeTarget "OpenStrudel iOS UI Tests" */ = {
			isa = XCConfigurationList;
			buildConfigurations = (
				1A5B5159ED92748B19C9CE8A /* Debug */,
				0AC4D92CDCA84AD886971662 /* Release */,
			);
			defaultConfigurationIsVisible = 0;
			defaultConfigurationName = Debug;
		};
		844BD3E688EE1D3B081DAE77 /* Build configuration list for PBXNativeTarget "OpenStrudel Text Tests" */ = {
			isa = XCConfigurationList;
			buildConfigurations = (
				793EF8CB16F6FC7583AA23FB /* Debug */,
				17E4A96A958D58CA81BCF8B3 /* Release */,
			);
			defaultConfigurationIsVisible = 0;
			defaultConfigurationName = Debug;
		};
		AF340C1D56255140B7C8FCC3 /* Build configuration list for PBXNativeTarget "OpenStrudel iOS" */ = {
			isa = XCConfigurationList;
			buildConfigurations = (
				130559DE245E778181012153 /* Debug */,
				044D0589F9624BEF205B27A0 /* Release */,
			);
			defaultConfigurationIsVisible = 0;
			defaultConfigurationName = Debug;
		};
		CD9E88DD2CEE637B8553BDCB /* Build configuration list for PBXNativeTarget "OpenStrudel macOS" */ = {
			isa = XCConfigurationList;
			buildConfigurations = (
				8DB482309BE6592F2B6878DD /* Debug */,
				A73965FE8106C357974CE1CE /* Release */,
			);
			defaultConfigurationIsVisible = 0;
			defaultConfigurationName = Debug;
		};
		EB6418B146F9EE8B07311678 /* Build configuration list for PBXProject "OpenStrudel" */ = {
			isa = XCConfigurationList;
			buildConfigurations = (
				B2B08EA9855BDC3B369233C7 /* Debug */,
				8A6C5487B0712EDAA7872082 /* Release */,
			);
			defaultConfigurationIsVisible = 0;
			defaultConfigurationName = Debug;
		};
/* End XCConfigurationList section */

/* Begin XCRemoteSwiftPackageReference section */
		3EB9911774FE23671D5DC051 /* XCRemoteSwiftPackageReference "Sparkle" */ = {
			isa = XCRemoteSwiftPackageReference;
			repositoryURL = "https://github.com/sparkle-project/Sparkle";
			requirement = {
				kind = revision;
				revision = eef1a539a373c1f1a320624b1130fc5de7b2e100;
			};
		};
/* End XCRemoteSwiftPackageReference section */

/* Begin XCSwiftPackageProductDependency section */
		034974DBF235D1A2CAF70200 /* Sparkle */ = {
			isa = XCSwiftPackageProductDependency;
			package = 3EB9911774FE23671D5DC051 /* XCRemoteSwiftPackageReference "Sparkle" */;
			productName = Sparkle;
		};
/* End XCSwiftPackageProductDependency section */
	};
	rootObject = 7324C9B86738F39E1BF8CFD9 /* Project object */;
}
